// !$*UTF8*$!
{
	archiveVersion = 1;
	classes = {
	};
	objectVersion = 56;
	objects = {

/* Begin PBXBuildFile section */
		1E4084B32BB27CE000AECC94 /* AppDelegate.swift in Sources */ = {isa = PBXBuildFile; fileRef = 1E4084B22BB27CE000AECC94 /* AppDelegate.swift */; };
		1E4084B52BB27CE000AECC94 /* SceneDelegate.swift in Sources */ = {isa = PBXBuildFile; fileRef = 1E4084B42BB27CE000AECC94 /* SceneDelegate.swift */; };
		1E4084BC2BB27CE100AECC94 /* Assets.xcassets in Resources */ = {isa = PBXBuildFile; fileRef = 1E4084BB2BB27CE100AECC94 /* Assets.xcassets */; };
		1E4084BF2BB27CE100AECC94 /* Base in Resources */ = {isa = PBXBuildFile; fileRef = 1E4084BE2BB27CE100AECC94 /* Base */; };
		1E4084CA2BB27CE100AECC94 /* CodeStockAppTests.swift in Sources */ = {isa = PBXBuildFile; fileRef = 1E4084C92BB27CE100AECC94 /* CodeStockAppTests.swift */; };
		1E4084D42BB27CE100AECC94 /* CodeStockAppUITests.swift in Sources */ = {isa = PBXBuildFile; fileRef = 1E4084D32BB27CE100AECC94 /* CodeStockAppUITests.swift */; };
		1E4084D62BB27CE100AECC94 /* CodeStockAppUITestsLaunchTests.swift in Sources */ = {isa = PBXBuildFile; fileRef = 1E4084D52BB27CE100AECC94 /* CodeStockAppUITestsLaunchTests.swift */; };
/* End PBXBuildFile section */

/* Begin PBXContainerItemProxy section */
		1E4084C62BB27CE100AECC94 /* PBXContainerItemProxy */ = {
			isa = PBXContainerItemProxy;
			containerPortal = 1E4084A72BB27CE000AECC94 /* Project object */;
			proxyType = 1;
			remoteGlobalIDString = 1E4084AE2BB27CE000AECC94;
			remoteInfo = CodeStockApp;
		};
		1E4084D02BB27CE100AECC94 /* PBXContainerItemProxy */ = {
			isa = PBXContainerItemProxy;
			containerPortal = 1E4084A72BB27CE000AECC94 /* Project object */;
			proxyType = 1;
			remoteGlobalIDString = 1E4084AE2BB27CE000AECC94;
			remoteInfo = CodeStockApp;
		};
/* End PBXContainerItemProxy section */

/* Begin PBXFileReference section */
		1E4084AF2BB27CE000AECC94 /* CodeStockApp.app */ = {isa = PBXFileReference; explicitFileType = wrapper.application; includeInIndex = 0; path = CodeStockApp.app; sourceTree = BUILT_PRODUCTS_DIR; };
		1E4084B22BB27CE000AECC94 /* AppDelegate.swift */ = {isa = PBXFileReference; lastKnownFileType = sourcecode.swift; path = AppDelegate.swift; sourceTree = "<group>"; };
		1E4084B42BB27CE000AECC94 /* SceneDelegate.swift */ = {isa = PBXFileReference; lastKnownFileType = sourcecode.swift; path = SceneDelegate.swift; sourceTree = "<group>"; };
		1E4084BB2BB27CE100AECC94 /* Assets.xcassets */ = {isa = PBXFileReference; lastKnownFileType = folder.assetcatalog; path = Assets.xcassets; sourceTree = "<group>"; };
		1E4084BE2BB27CE100AECC94 /* Base */ = {isa = PBXFileReference; lastKnownFileType = file.storyboard; name = Base; path = Base.lproj/LaunchScreen.storyboard; sourceTree = "<group>"; };
		1E4084C02BB27CE100AECC94 /* Info.plist */ = {isa = PBXFileReference; lastKnownFileType = text.plist.xml; path = Info.plist; sourceTree = "<group>"; };
		1E4084C52BB27CE100AECC94 /* CodeStockAppTests.xctest */ = {isa = PBXFileReference; explicitFileType = wrapper.cfbundle; includeInIndex = 0; path = CodeStockAppTests.xctest; sourceTree = BUILT_PRODUCTS_DIR; };
		1E4084C92BB27CE100AECC94 /* CodeStockAppTests.swift */ = {isa = PBXFileReference; lastKnownFileType = sourcecode.swift; path = CodeStockAppTests.swift; sourceTree = "<group>"; };
		1E4084CF2BB27CE100AECC94 /* CodeStockAppUITests.xctest */ = {isa = PBXFileReference; explicitFileType = wrapper.cfbundle; includeInIndex = 0; path = CodeStockAppUITests.xctest; sourceTree = BUILT_PRODUCTS_DIR; };
		1E4084D32BB27CE100AECC94 /* CodeStockAppUITests.swift */ = {isa = PBXFileReference; lastKnownFileType = sourcecode.swift; path = CodeStockAppUITests.swift; sourceTree = "<group>"; };
		1E4084D52BB27CE100AECC94 /* CodeStockAppUITestsLaunchTests.swift */ = {isa = PBXFileReference; lastKnownFileType = sourcecode.swift; path = CodeStockAppUITestsLaunchTests.swift; sourceTree = "<group>"; };
/* End PBXFileReference section */

/* Begin PBXFrameworksBuildPhase section */
		1E4084AC2BB27CE000AECC94 /* Frameworks */ = {
			isa = PBXFrameworksBuildPhase;
			buildActionMask = 2147483647;
			files = (
			);
			runOnlyForDeploymentPostprocessing = 0;
		};
		1E4084C22BB27CE100AECC94 /* Frameworks */ = {
			isa = PBXFrameworksBuildPhase;
			buildActionMask = 2147483647;
			files = (
			);
			runOnlyForDeploymentPostprocessing = 0;
		};
		1E4084CC2BB27CE100AECC94 /* Frameworks */ = {
			isa = PBXFrameworksBuildPhase;
			buildActionMask = 2147483647;
			files = (
			);
			runOnlyForDeploymentPostprocessing = 0;
		};
/* End PBXFrameworksBuildPhase section */

/* Begin PBXGroup section */
		1E4084A62BB27CE000AECC94 = {
			isa = PBXGroup;
			children = (
				1E4084B12BB27CE000AECC94 /* CodeStockApp */,
				1E4084C82BB27CE100AECC94 /* CodeStockAppTests */,
				1E4084D22BB27CE100AECC94 /* CodeStockAppUITests */,
				1E4084B02BB27CE000AECC94 /* Products */,
			);
			sourceTree = "<group>";
		};
		1E4084B02BB27CE000AECC94 /* Products */ = {
			isa = PBXGroup;
			children = (
				1E4084AF2BB27CE000AECC94 /* CodeStockApp.app */,
				1E4084C52BB27CE100AECC94 /* CodeStockAppTests.xctest */,
				1E4084CF2BB27CE100AECC94 /* CodeStockAppUITests.xctest */,
			);
			name = Products;
			sourceTree = "<group>";
		};
		1E4084B12BB27CE000AECC94 /* CodeStockApp */ = {
			isa = PBXGroup;
			children = (
				1E4084B22BB27CE000AECC94 /* AppDelegate.swift */,
				1E4084B42BB27CE000AECC94 /* SceneDelegate.swift */,
				1E4084BB2BB27CE100AECC94 /* Assets.xcassets */,
				1E4084BD2BB27CE100AECC94 /* LaunchScreen.storyboard */,
				1E4084C02BB27CE100AECC94 /* Info.plist */,
			);
			path = CodeStockApp;
			sourceTree = "<group>";
		};
		1E4084C82BB27CE100AECC94 /* CodeStockAppTests */ = {
			isa = PBXGroup;
			children = (
				1E4084C92BB27CE100AECC94 /* CodeStockAppTests.swift */,
			);
			path = CodeStockAppTests;
			sourceTree = "<group>";
		};
		1E4084D22BB27CE100AECC94 /* CodeStockAppUITests */ = {
			isa = PBXGroup;
			children = (
				1E4084D32BB27CE100AECC94 /* CodeStockAppUITests.swift */,
				1E4084D52BB27CE100AECC94 /* CodeStockAppUITestsLaunchTests.swift */,
			);
			path = CodeStockAppUITests;
			sourceTree = "<group>";
		};
/* End PBXGroup section */

/* Begin PBXNativeTarget section */
		1E4084AE2BB27CE000AECC94 /* CodeStockApp */ = {
			isa = PBXNativeTarget;
			buildConfigurationList = 1E4084D92BB27CE100AECC94 /* Build configuration list for PBXNativeTarget "CodeStockApp" */;
			buildPhases = (
				1E4084AB2BB27CE000AECC94 /* Sources */,
				1E4084AC2BB27CE000AECC94 /* Frameworks */,
				1E4084AD2BB27CE000AECC94 /* Resources */,
			);
			buildRules = (
			);
			dependencies = (
			);
			name = CodeStockApp;
			productName = CodeStockApp;
			productReference = 1E4084AF2BB27CE000AECC94 /* CodeStockApp.app */;
			productType = "com.apple.product-type.application";
		};
		1E4084C42BB27CE100AECC94 /* CodeStockAppTests */ = {
			isa = PBXNativeTarget;
			buildConfigurationList = 1E4084DC2BB27CE100AECC94 /* Build configuration list for PBXNativeTarget "CodeStockAppTests" */;
			buildPhases = (
				1E4084C12BB27CE100AECC94 /* Sources */,
				1E4084C22BB27CE100AECC94 /* Frameworks */,
				1E4084C32BB27CE100AECC94 /* Resources */,
			);
			buildRules = (
			);
			dependencies = (
				1E4084C72BB27CE100AECC94 /* PBXTargetDependency */,
			);
			name = CodeStockAppTests;
			productName = CodeStockAppTests;
			productReference = 1E4084C52BB27CE100AECC94 /* CodeStockAppTests.xctest */;
			productType = "com.apple.product-type.bundle.unit-test";
		};
		1E4084CE2BB27CE100AECC94 /* CodeStockAppUITests */ = {
			isa = PBXNativeTarget;
			buildConfigurationList = 1E4084DF2BB27CE100AECC94 /* Build configuration list for PBXNativeTarget "CodeStockAppUITests" */;
			buildPhases = (
				1E4084CB2BB27CE100AECC94 /* Sources */,
				1E4084CC2BB27CE100AECC94 /* Frameworks */,
				1E4084CD2BB27CE100AECC94 /* Resources */,
			);
			buildRules = (
			);
			dependencies = (
				1E4084D12BB27CE100AECC94 /* PBXTargetDependency */,
			);
			name = CodeStockAppUITests;
			productName = CodeStockAppUITests;
			productReference = 1E4084CF2BB27CE100AECC94 /* CodeStockAppUITests.xctest */;
			productType = "com.apple.product-type.bundle.ui-testing";
		};
/* End PBXNativeTarget section */

/* Begin PBXProject section */
		1E4084A72BB27CE000AECC94 /* Project object */ = {
			isa = PBXProject;
			attributes = {
				BuildIndependentTargetsInParallel = 1;
				LastSwiftUpdateCheck = 1530;
				LastUpgradeCheck = 1530;
				TargetAttributes = {
					1E4084AE2BB27CE000AECC94 = {
						CreatedOnToolsVersion = 15.3;
					};
					1E4084C42BB27CE100AECC94 = {
						CreatedOnToolsVersion = 15.3;
						TestTargetID = 1E4084AE2BB27CE000AECC94;
					};
					1E4084CE2BB27CE100AECC94 = {
						CreatedOnToolsVersion = 15.3;
						TestTargetID = 1E4084AE2BB27CE000AECC94;
					};
				};
			};
			buildConfigurationList = 1E4084AA2BB27CE000AECC94 /* Build configuration list for PBXProject "CodeStockApp" */;
			compatibilityVersion = "Xcode 14.0";
			developmentRegion = en;
			hasScannedForEncodings = 0;
			knownRegions = (
				en,
				Base,
			);
			mainGroup = 1E4084A62BB27CE000AECC94;
			productRefGroup = 1E4084B02BB27CE000AECC94 /* Products */;
			projectDirPath = "";
			projectRoot = "";
			targets = (
				1E4084AE2BB27CE000AECC94 /* CodeStockApp */,
				1E4084C42BB27CE100AECC94 /* CodeStockAppTests */,
				1E4084CE2BB27CE100AECC94 /* CodeStockAppUITests */,
			);
		};
/* End PBXProject section */

/* Begin PBXResourcesBuildPhase section */
		1E4084AD2BB27CE000AECC94 /* Resources */ = {
			isa = PBXResourcesBuildPhase;
			buildActionMask = 2147483647;
			files = (
				1E4084BC2BB27CE100AECC94 /* Assets.xcassets in Resources */,
				1E4084BF2BB27CE100AECC94 /* Base in Resources */,
			);
			runOnlyForDeploymentPostprocessing = 0;
		};
		1E4084C32BB27CE100AECC94 /* Resources */ = {
			isa = PBXResourcesBuildPhase;
			buildActionMask = 2147483647;
			files = (
			);
			runOnlyForDeploymentPostprocessing = 0;
		};
		1E4084CD2BB27CE100AECC94 /* Resources */ = {
			isa = PBXResourcesBuildPhase;
			buildActionMask = 2147483647;
			files = (
			);
			runOnlyForDeploymentPostprocessing = 0;
		};
/* End PBXResourcesBuildPhase section */

/* Begin PBXSourcesBuildPhase section */
		1E4084AB2BB27CE000AECC94 /* Sources */ = {
			isa = PBXSourcesBuildPhase;
			buildActionMask = 2147483647;
			files = (
				1E4084B32BB27CE000AECC94 /* AppDelegate.swift in Sources */,
				1E4084B52BB27CE000AECC94 /* SceneDelegate.swift in Sources */,
			);
			runOnlyForDeploymentPostprocessing = 0;
		};
		1E4084C12BB27CE100AECC94 /* Sources */ = {
			isa = PBXSourcesBuildPhase;
			buildActionMask = 2147483647;
			files = (
				1E4084CA2BB27CE100AECC94 /* CodeStockAppTests.swift in Sources */,
			);
			runOnlyForDeploymentPostprocessing = 0;
		};
		1E4084CB2BB27CE100AECC94 /* Sources */ = {
			isa = PBXSourcesBuildPhase;
			buildActionMask = 2147483647;
			files = (
				1E4084D62BB27CE100AECC94 /* CodeStockAppUITestsLaunchTests.swift in Sources */,
				1E4084D42BB27CE100AECC94 /* CodeStockAppUITests.swift in Sources */,
			);
			runOnlyForDeploymentPostprocessing = 0;
		};
/* End PBXSourcesBuildPhase section */

/* Begin PBXTargetDependency section */
		1E4084C72BB27CE100AECC94 /* PBXTargetDependency */ = {
			isa = PBXTargetDependency;
			target = 1E4084AE2BB27CE000AECC94 /* CodeStockApp */;
			targetProxy = 1E4084C62BB27CE100AECC94 /* PBXContainerItemProxy */;
		};
		1E4084D12BB27CE100AECC94 /* PBXTargetDependency */ = {
			isa = PBXTargetDependency;
			target = 1E4084AE2BB27CE000AECC94 /* CodeStockApp */;
			targetProxy = 1E4084D02BB27CE100AECC94 /* PBXContainerItemProxy */;
		};
/* End PBXTargetDependency section */

/* Begin PBXVariantGroup section */
		1E4084BD2BB27CE100AECC94 /* LaunchScreen.storyboard */ = {
			isa = PBXVariantGroup;
			children = (
				1E4084BE2BB27CE100AECC94 /* Base */,
			);
			name = LaunchScreen.storyboard;
			sourceTree = "<group>";
		};
/* End PBXVariantGroup section */

/* Begin XCBuildConfiguration section */
		1E4084D72BB27CE100AECC94 /* Debug */ = {
			isa = XCBuildConfiguration;
			buildSettings = {
				ALWAYS_SEARCH_USER_PATHS = NO;
				ASSETCATALOG_COMPILER_GENERATE_SWIFT_ASSET_SYMBOL_EXTENSIONS = YES;
				CLANG_ANALYZER_NONNULL = YES;
				CLANG_ANALYZER_NUMBER_OBJECT_CONVERSION = YES_AGGRESSIVE;
				CLANG_CXX_LANGUAGE_STANDARD = "gnu++20";
				CLANG_ENABLE_MODULES = YES;
				CLANG_ENABLE_OBJC_ARC = YES;
				CLANG_ENABLE_OBJC_WEAK = YES;
				CLANG_WARN_BLOCK_CAPTURE_AUTORELEASING = YES;
				CLANG_WARN_BOOL_CONVERSION = YES;
				CLANG_WARN_COMMA = YES;
				CLANG_WARN_CONSTANT_CONVERSION = YES;
				CLANG_WARN_DEPRECATED_OBJC_IMPLEMENTATIONS = YES;
				CLANG_WARN_DIRECT_OBJC_ISA_USAGE = YES_ERROR;
				CLANG_WARN_DOCUMENTATION_COMMENTS = YES;
				CLANG_WARN_EMPTY_BODY = YES;
				CLANG_WARN_ENUM_CONVERSION = YES;
				CLANG_WARN_INFINITE_RECURSION = YES;
				CLANG_WARN_INT_CONVERSION = YES;
				CLANG_WARN_NON_LITERAL_NULL_CONVERSION = YES;
				CLANG_WARN_OBJC_IMPLICIT_RETAIN_SELF = YES;
				CLANG_WARN_OBJC_LITERAL_CONVERSION = YES;
				CLANG_WARN_OBJC_ROOT_CLASS = YES_ERROR;
				CLANG_WARN_QUOTED_INCLUDE_IN_FRAMEWORK_HEADER = YES;
				CLANG_WARN_RANGE_LOOP_ANALYSIS = YES;
				CLANG_WARN_STRICT_PROTOTYPES = YES;
				CLANG_WARN_SUSPICIOUS_MOVE = YES;
				CLANG_WARN_UNGUARDED_AVAILABILITY = YES_AGGRESSIVE;
				CLANG_WARN_UNREACHABLE_CODE = YES;
				CLANG_WARN__DUPLICATE_METHOD_MATCH = YES;
				COPY_PHASE_STRIP = NO;
				DEBUG_INFORMATION_FORMAT = dwarf;
				ENABLE_STRICT_OBJC_MSGSEND = YES;
				ENABLE_TESTABILITY = YES;
				ENABLE_USER_SCRIPT_SANDBOXING = YES;
				GCC_C_LANGUAGE_STANDARD = gnu17;
				GCC_DYNAMIC_NO_PIC = NO;
				GCC_NO_COMMON_BLOCKS = YES;
				GCC_OPTIMIZATION_LEVEL = 0;
				GCC_PREPROCESSOR_DEFINITIONS = (
					"DEBUG=1",
					"$(inherited)",
				);
				GCC_WARN_64_TO_32_BIT_CONVERSION = YES;
				GCC_WARN_ABOUT_RETURN_TYPE = YES_ERROR;
				GCC_WARN_UNDECLARED_SELECTOR = YES;
				GCC_WARN_UNINITIALIZED_AUTOS = YES_AGGRESSIVE;
				GCC_WARN_UNUSED_FUNCTION = YES;
				GCC_WARN_UNUSED_VARIABLE = YES;
				IPHONEOS_DEPLOYMENT_TARGET = 17.4;
				LOCALIZATION_PREFERS_STRING_CATALOGS = YES;
				MTL_ENABLE_DEBUG_INFO = INCLUDE_SOURCE;
				MTL_FAST_MATH = YES;
				ONLY_ACTIVE_ARCH = YES;
				SDKROOT = iphoneos;
				SWIFT_ACTIVE_COMPILATION_CONDITIONS = "DEBUG $(inherited)";
				SWIFT_OPTIMIZATION_LEVEL = "-Onone";
			};
			name = Debug;
		};
		1E4084D82BB27CE100AECC94 /* Release */ = {
			isa = XCBuildConfiguration;
			buildSettings = {
				ALWAYS_SEARCH_USER_PATHS = NO;
				ASSETCATALOG_COMPILER_GENERATE_SWIFT_ASSET_SYMBOL_EXTENSIONS = YES;
				CLANG_ANALYZER_NONNULL = YES;
				CLANG_ANALYZER_NUMBER_OBJECT_CONVERSION = YES_AGGRESSIVE;
				CLANG_CXX_LANGUAGE_STANDARD = "gnu++20";
				CLANG_ENABLE_MODULES = YES;
				CLANG_ENABLE_OBJC_ARC = YES;
				CLANG_ENABLE_OBJC_WEAK = YES;
				CLANG_WARN_BLOCK_CAPTURE_AUTORELEASING = YES;
				CLANG_WARN_BOOL_CONVERSION = YES;
				CLANG_WARN_COMMA = YES;
				CLANG_WARN_CONSTANT_CONVERSION = YES;
				CLANG_WARN_DEPRECATED_OBJC_IMPLEMENTATIONS = YES;
				CLANG_WARN_DIRECT_OBJC_ISA_USAGE = YES_ERROR;
				CLANG_WARN_DOCUMENTATION_COMMENTS = YES;
				CLANG_WARN_EMPTY_BODY = YES;
				CLANG_WARN_ENUM_CONVERSION = YES;
				CLANG_WARN_INFINITE_RECURSION = YES;
				CLANG_WARN_INT_CONVERSION = YES;
				CLANG_WARN_NON_LITERAL_NULL_CONVERSION = YES;
				CLANG_WARN_OBJC_IMPLICIT_RETAIN_SELF = YES;
				CLANG_WARN_OBJC_LITERAL_CONVERSION = YES;
				CLANG_WARN_OBJC_ROOT_CLASS = YES_ERROR;
				CLANG_WARN_QUOTED_INCLUDE_IN_FRAMEWORK_HEADER = YES;
				CLANG_WARN_RANGE_LOOP_ANALYSIS = YES;
				CLANG_WARN_STRICT_PROTOTYPES = YES;
				CLANG_WARN_SUSPICIOUS_MOVE = YES;
				CLANG_WARN_UNGUARDED_AVAILABILITY = YES_AGGRESSIVE;
				CLANG_WARN_UNREACHABLE_CODE = YES;
				CLANG_WARN__DUPLICATE_METHOD_MATCH = YES;
				COPY_PHASE_STRIP = NO;
				DEBUG_INFORMATION_FORMAT = "dwarf-with-dsym";
				ENABLE_NS_ASSERTIONS = NO;
				ENABLE_STRICT_OBJC_MSGSEND = YES;
				ENABLE_USER_SCRIPT_SANDBOXING = YES;
				GCC_C_LANGUAGE_STANDARD = gnu17;
				GCC_NO_COMMON_BLOCKS = YES;
				GCC_WARN_64_TO_32_BIT_CONVERSION = YES;
				GCC_WARN_ABOUT_RETURN_TYPE = YES_ERROR;
				GCC_WARN_UNDECLARED_SELECTOR = YES;
				GCC_WARN_UNINITIALIZED_AUTOS = YES_AGGRESSIVE;
				GCC_WARN_UNUSED_FUNCTION = YES;
				GCC_WARN_UNUSED_VARIABLE = YES;
				IPHONEOS_DEPLOYMENT_TARGET = 17.4;
				LOCALIZATION_PREFERS_STRING_CATALOGS = YES;
				MTL_ENABLE_DEBUG_INFO = NO;
				MTL_FAST_MATH = YES;
				SDKROOT = iphoneos;
				SWIFT_COMPILATION_MODE = wholemodule;
				VALIDATE_PRODUCT = YES;
			};
			name = Release;
		};
		1E4084DA2BB27CE100AECC94 /* Debug */ = {
			isa = XCBuildConfiguration;
			buildSettings = {
				ASSETCATALOG_COMPILER_APPICON_NAME = AppIcon;
				ASSETCATALOG_COMPILER_GLOBAL_ACCENT_COLOR_NAME = AccentColor;
				CODE_SIGN_STYLE = Automatic;
				CURRENT_PROJECT_VERSION = 1;
				DEVELOPMENT_TEAM = 3J8CXP9GNA;
				GENERATE_INFOPLIST_FILE = YES;
				INFOPLIST_FILE = CodeStockApp/Info.plist;
				INFOPLIST_KEY_UIApplicationSupportsIndirectInputEvents = YES;
				INFOPLIST_KEY_UILaunchStoryboardName = LaunchScreen;
				INFOPLIST_KEY_UIMainStoryboardFile = Main;
				INFOPLIST_KEY_UISupportedInterfaceOrientations_iPad = "UIInterfaceOrientationPortrait UIInterfaceOrientationPortraitUpsideDown UIInterfaceOrientationLandscapeLeft UIInterfaceOrientationLandscapeRight";
				INFOPLIST_KEY_UISupportedInterfaceOrientations_iPhone = "UIInterfaceOrientationPortrait UIInterfaceOrientationLandscapeLeft UIInterfaceOrientationLandscapeRight";
				LD_RUNPATH_SEARCH_PATHS = (
					"$(inherited)",
					"@executable_path/Frameworks",
				);
				MARKETING_VERSION = 1.0;
				PRODUCT_BUNDLE_IDENTIFIER = "com.ios-academia.CodeStockApp";
				PRODUCT_NAME = "$(TARGET_NAME)";
				SWIFT_EMIT_LOC_STRINGS = YES;
				SWIFT_VERSION = 5.0;
				TARGETED_DEVICE_FAMILY = "1,2";
			};
			name = Debug;
		};
		1E4084DB2BB27CE100AECC94 /* Release */ = {
			isa = XCBuildConfiguration;
			buildSettings = {
				ASSETCATALOG_COMPILER_APPICON_NAME = AppIcon;
				ASSETCATALOG_COMPILER_GLOBAL_ACCENT_COLOR_NAME = AccentColor;
				CODE_SIGN_STYLE = Automatic;
				CURRENT_PROJECT_VERSION = 1;
				DEVELOPMENT_TEAM = 3J8CXP9GNA;
				GENERATE_INFOPLIST_FILE = YES;
				INFOPLIST_FILE = CodeStockApp/Info.plist;
				INFOPLIST_KEY_UIApplicationSupportsIndirectInputEvents = YES;
				INFOPLIST_KEY_UILaunchStoryboardName = LaunchScreen;
				INFOPLIST_KEY_UIMainStoryboardFile = Main;
				INFOPLIST_KEY_UISupportedInterfaceOrientations_iPad = "UIInterfaceOrientationPortrait UIInterfaceOrientationPortraitUpsideDown UIInterfaceOrientationLandscapeLeft UIInterfaceOrientationLandscapeRight";
				INFOPLIST_KEY_UISupportedInterfaceOrientations_iPhone = "UIInterfaceOrientationPortrait UIInterfaceOrientationLandscapeLeft UIInterfaceOrientationLandscapeRight";
				LD_RUNPATH_SEARCH_PATHS = (
					"$(inherited)",
					"@executable_path/Frameworks",
				);
				MARKETING_VERSION = 1.0;
				PRODUCT_BUNDLE_IDENTIFIER = "com.ios-academia.CodeStockApp";
				PRODUCT_NAME = "$(TARGET_NAME)";
				SWIFT_EMIT_LOC_STRINGS = YES;
				SWIFT_VERSION = 5.0;
				TARGETED_DEVICE_FAMILY = "1,2";
			};
			name = Release;
		};
		1E4084DD2BB27CE100AECC94 /* Debug */ = {
			isa = XCBuildConfiguration;
			buildSettings = {
				ALWAYS_EMBED_SWIFT_STANDARD_LIBRARIES = YES;
				BUNDLE_LOADER = "$(TEST_HOST)";
				CODE_SIGN_STYLE = Automatic;
				CURRENT_PROJECT_VERSION = 1;
				DEVELOPMENT_TEAM = 3J8CXP9GNA;
				GENERATE_INFOPLIST_FILE = YES;
				IPHONEOS_DEPLOYMENT_TARGET = 17.4;
				MARKETING_VERSION = 1.0;
				PRODUCT_BUNDLE_IDENTIFIER = "com.ios-academia.CodeStockAppTests";
				PRODUCT_NAME = "$(TARGET_NAME)";
				SWIFT_EMIT_LOC_STRINGS = NO;
				SWIFT_VERSION = 5.0;
				TARGETED_DEVICE_FAMILY = "1,2";
				TEST_HOST = "$(BUILT_PRODUCTS_DIR)/CodeStockApp.app/$(BUNDLE_EXECUTABLE_FOLDER_PATH)/CodeStockApp";
			};
			name = Debug;
		};
		1E4084DE2BB27CE100AECC94 /* Release */ = {
			isa = XCBuildConfiguration;
			buildSettings = {
				ALWAYS_EMBED_SWIFT_STANDARD_LIBRARIES = YES;
				BUNDLE_LOADER = "$(TEST_HOST)";
				CODE_SIGN_STYLE = Automatic;
				CURRENT_PROJECT_VERSION = 1;
				DEVELOPMENT_TEAM = 3J8CXP9GNA;
				GENERATE_INFOPLIST_FILE = YES;
				IPHONEOS_DEPLOYMENT_TARGET = 17.4;
				MARKETING_VERSION = 1.0;
				PRODUCT_BUNDLE_IDENTIFIER = "com.ios-academia.CodeStockAppTests";
				PRODUCT_NAME = "$(TARGET_NAME)";
				SWIFT_EMIT_LOC_STRINGS = NO;
				SWIFT_VERSION = 5.0;
				TARGETED_DEVICE_FAMILY = "1,2";
				TEST_HOST = "$(BUILT_PRODUCTS_DIR)/CodeStockApp.app/$(BUNDLE_EXECUTABLE_FOLDER_PATH)/CodeStockApp";
			};
			name = Release;
		};
		1E4084E02BB27CE100AECC94 /* Debug */ = {
			isa = XCBuildConfiguration;
			buildSettings = {
				ALWAYS_EMBED_SWIFT_STANDARD_LIBRARIES = YES;
				CODE_SIGN_STYLE = Automatic;
				CURRENT_PROJECT_VERSION = 1;
				DEVELOPMENT_TEAM = 3J8CXP9GNA;
				GENERATE_INFOPLIST_FILE = YES;
				MARKETING_VERSION = 1.0;
				PRODUCT_BUNDLE_IDENTIFIER = "com.ios-academia.CodeStockAppUITests";
				PRODUCT_NAME = "$(TARGET_NAME)";
				SWIFT_EMIT_LOC_STRINGS = NO;
				SWIFT_VERSION = 5.0;
				TARGETED_DEVICE_FAMILY = "1,2";
				TEST_TARGET_NAME = CodeStockApp;
			};
			name = Debug;
		};
		1E4084E12BB27CE100AECC94 /* Release */ = {
			isa = XCBuildConfiguration;
			buildSettings = {
				ALWAYS_EMBED_SWIFT_STANDARD_LIBRARIES = YES;
				CODE_SIGN_STYLE = Automatic;
				CURRENT_PROJECT_VERSION = 1;
				DEVELOPMENT_TEAM = 3J8CXP9GNA;
				GENERATE_INFOPLIST_FILE = YES;
				MARKETING_VERSION = 1.0;
				PRODUCT_BUNDLE_IDENTIFIER = "com.ios-academia.CodeStockAppUITests";
				PRODUCT_NAME = "$(TARGET_NAME)";
				SWIFT_EMIT_LOC_STRINGS = NO;
				SWIFT_VERSION = 5.0;
				TARGETED_DEVICE_FAMILY = "1,2";
				TEST_TARGET_NAME = CodeStockApp;
			};
			name = Release;
		};
/* End XCBuildConfiguration section */

/* Begin XCConfigurationList section */
		1E4084AA2BB27CE000AECC94 /* Build configuration list for PBXProject "CodeStockApp" */ = {
			isa = XCConfigurationList;
			buildConfigurations = (
				1E4084D72BB27CE100AECC94 /* Debug */,
				1E4084D82BB27CE100AECC94 /* Release */,
			);
			defaultConfigurationIsVisible = 0;
			defaultConfigurationName = Release;
		};
		1E4084D92BB27CE100AECC94 /* Build configuration list for PBXNativeTarget "CodeStockApp" */ = {
			isa = XCConfigurationList;
			buildConfigurations = (
				1E4084DA2BB27CE100AECC94 /* Debug */,
				1E4084DB2BB27CE100AECC94 /* Release */,
			);
			defaultConfigurationIsVisible = 0;
			defaultConfigurationName = Release;
		};
		1E4084DC2BB27CE100AECC94 /* Build configuration list for PBXNativeTarget "CodeStockAppTests" */ = {
			isa = XCConfigurationList;
			buildConfigurations = (
				1E4084DD2BB27CE100AECC94 /* Debug */,
				1E4084DE2BB27CE100AECC94 /* Release */,
			);
			defaultConfigurationIsVisible = 0;
			defaultConfigurationName = Release;
		};
		1E4084DF2BB27CE100AECC94 /* Build configuration list for PBXNativeTarget "CodeStockAppUITests" */ = {
			isa = XCConfigurationList;
			buildConfigurations = (
				1E4084E02BB27CE100AECC94 /* Debug */,
				1E4084E12BB27CE100AECC94 /* Release */,
			);
			defaultConfigurationIsVisible = 0;
			defaultConfigurationName = Release;
		};
/* End XCConfigurationList section */
	};
	rootObject = 1E4084A72BB27CE000AECC94 /* Project object */;
}
