// !$*UTF8*$!
{
	archiveVersion = 1;
	classes = {
	};
	objectVersion = 56;
	objects = {

/* Begin PBXBuildFile section */
		1E1EC1F62BFA3F750076C535 /* PlaceTextView.swift in Sources */ = {isa = PBXBuildFile; fileRef = 1E1EC1F52BFA3F750076C535 /* PlaceTextView.swift */; };
		1E1EC1F82C058FD80076C535 /* EditView.storyboard in Resources */ = {isa = PBXBuildFile; fileRef = 1E1EC1F72C058FD70076C535 /* EditView.storyboard */; };
		1E1EC1FA2C0590650076C535 /* EditViewController.swift in Sources */ = {isa = PBXBuildFile; fileRef = 1E1EC1F92C0590650076C535 /* EditViewController.swift */; };
		1E4084B32BB27CE000AECC94 /* AppDelegate.swift in Sources */ = {isa = PBXBuildFile; fileRef = 1E4084B22BB27CE000AECC94 /* AppDelegate.swift */; };
		1E4084B52BB27CE000AECC94 /* SceneDelegate.swift in Sources */ = {isa = PBXBuildFile; fileRef = 1E4084B42BB27CE000AECC94 /* SceneDelegate.swift */; };
		1E4084BC2BB27CE100AECC94 /* Assets.xcassets in Resources */ = {isa = PBXBuildFile; fileRef = 1E4084BB2BB27CE100AECC94 /* Assets.xcassets */; };
		1E4084BF2BB27CE100AECC94 /* Base in Resources */ = {isa = PBXBuildFile; fileRef = 1E4084BE2BB27CE100AECC94 /* Base */; };
		1E4084CA2BB27CE100AECC94 /* CodeStockAppTests.swift in Sources */ = {isa = PBXBuildFile; fileRef = 1E4084C92BB27CE100AECC94 /* CodeStockAppTests.swift */; };
		1E4084D42BB27CE100AECC94 /* CodeStockAppUITests.swift in Sources */ = {isa = PBXBuildFile; fileRef = 1E4084D32BB27CE100AECC94 /* CodeStockAppUITests.swift */; };
		1E4084D62BB27CE100AECC94 /* CodeStockAppUITestsLaunchTests.swift in Sources */ = {isa = PBXBuildFile; fileRef = 1E4084D52BB27CE100AECC94 /* CodeStockAppUITestsLaunchTests.swift */; };
		1E4084E92BB2DD0B00AECC94 /* MainTabBarController.swift in Sources */ = {isa = PBXBuildFile; fileRef = 1E4084E82BB2DD0B00AECC94 /* MainTabBarController.swift */; };
		1E4084EB2BB2E18100AECC94 /* NetViewController.swift in Sources */ = {isa = PBXBuildFile; fileRef = 1E4084EA2BB2E18100AECC94 /* NetViewController.swift */; };
		1E4084EF2BB2E5D600AECC94 /* NetView.storyboard in Resources */ = {isa = PBXBuildFile; fileRef = 1E4084EE2BB2E5D600AECC94 /* NetView.storyboard */; };
		1E4084F32BB2FED200AECC94 /* OwnViewController.swift in Sources */ = {isa = PBXBuildFile; fileRef = 1E4084F22BB2FED200AECC94 /* OwnViewController.swift */; };
		1E4084F52BB2FF1F00AECC94 /* OwnView.storyboard in Resources */ = {isa = PBXBuildFile; fileRef = 1E4084F42BB2FF1F00AECC94 /* OwnView.storyboard */; };
		1E4084FA2BB8207C00AECC94 /* SpringViewController.swift in Sources */ = {isa = PBXBuildFile; fileRef = 1E4084F92BB8207C00AECC94 /* SpringViewController.swift */; };
		1E4084FC2BB820CF00AECC94 /* SpringView.storyboard in Resources */ = {isa = PBXBuildFile; fileRef = 1E4084FB2BB820CF00AECC94 /* SpringView.storyboard */; };
		1E4084FE2BB8220300AECC94 /* SummerViewController.swift in Sources */ = {isa = PBXBuildFile; fileRef = 1E4084FD2BB8220300AECC94 /* SummerViewController.swift */; };
		1E4085002BB8222F00AECC94 /* SummerView.storyboard in Resources */ = {isa = PBXBuildFile; fileRef = 1E4084FF2BB8222F00AECC94 /* SummerView.storyboard */; };
		1E4085022BB8227700AECC94 /* FallViewController.swift in Sources */ = {isa = PBXBuildFile; fileRef = 1E4085012BB8227700AECC94 /* FallViewController.swift */; };
		1E4085042BB822AB00AECC94 /* FallView.storyboard in Resources */ = {isa = PBXBuildFile; fileRef = 1E4085032BB822AB00AECC94 /* FallView.storyboard */; };
		1E4085062BB822D400AECC94 /* WinterViewController.swift in Sources */ = {isa = PBXBuildFile; fileRef = 1E4085052BB822D400AECC94 /* WinterViewController.swift */; };
		1E4085082BB822FB00AECC94 /* WinterView.storyboard in Resources */ = {isa = PBXBuildFile; fileRef = 1E4085072BB822FB00AECC94 /* WinterView.storyboard */; };
		1E40850A2BBA7D0200AECC94 /* OwnSpringViewController.swift in Sources */ = {isa = PBXBuildFile; fileRef = 1E4085092BBA7D0200AECC94 /* OwnSpringViewController.swift */; };
		1E40850C2BBA7D4600AECC94 /* OwnSummerViewController.swift in Sources */ = {isa = PBXBuildFile; fileRef = 1E40850B2BBA7D4600AECC94 /* OwnSummerViewController.swift */; };
		1E40850E2BBA7D9300AECC94 /* OwnFallViewController.swift in Sources */ = {isa = PBXBuildFile; fileRef = 1E40850D2BBA7D9300AECC94 /* OwnFallViewController.swift */; };
		1E4085102BBA7DD100AECC94 /* OwnWinterViewController.swift in Sources */ = {isa = PBXBuildFile; fileRef = 1E40850F2BBA7DD100AECC94 /* OwnWinterViewController.swift */; };
		1E4085122BBA7E0E00AECC94 /* OwnSpringView.storyboard in Resources */ = {isa = PBXBuildFile; fileRef = 1E4085112BBA7E0E00AECC94 /* OwnSpringView.storyboard */; };
		1E4085142BBA7E5800AECC94 /* OwnSummerView.storyboard in Resources */ = {isa = PBXBuildFile; fileRef = 1E4085132BBA7E5800AECC94 /* OwnSummerView.storyboard */; };
		1E4085162BBA7EBA00AECC94 /* OwnFallView.storyboard in Resources */ = {isa = PBXBuildFile; fileRef = 1E4085152BBA7EBA00AECC94 /* OwnFallView.storyboard */; };
		1E4085182BBA7F1700AECC94 /* OwnWinterView.storyboard in Resources */ = {isa = PBXBuildFile; fileRef = 1E4085172BBA7F1700AECC94 /* OwnWinterView.storyboard */; };
		1E40851B2BBAB82000AECC94 /* MainTableViewCell.swift in Sources */ = {isa = PBXBuildFile; fileRef = 1E4085192BBAB82000AECC94 /* MainTableViewCell.swift */; };
		1E40851C2BBAB82000AECC94 /* MainTableViewCell.xib in Resources */ = {isa = PBXBuildFile; fileRef = 1E40851A2BBAB82000AECC94 /* MainTableViewCell.xib */; };
		1E40851E2BBF8C3000AECC94 /* AddViewController.swift in Sources */ = {isa = PBXBuildFile; fileRef = 1E40851D2BBF8C3000AECC94 /* AddViewController.swift */; };
		1E4085202BBF8C5C00AECC94 /* AddView.storyboard in Resources */ = {isa = PBXBuildFile; fileRef = 1E40851F2BBF8C5C00AECC94 /* AddView.storyboard */; };
		1E4085242BC273B500AECC94 /* CodeStockDataModel.swift in Sources */ = {isa = PBXBuildFile; fileRef = 1E4085232BC273B500AECC94 /* CodeStockDataModel.swift */; };
		1E4085262BC7A27300AECC94 /* AddSecondView.storyboard in Resources */ = {isa = PBXBuildFile; fileRef = 1E4085252BC7A27300AECC94 /* AddSecondView.storyboard */; };
		1E4085282BC7A2B800AECC94 /* AddSecondViewController.swift in Sources */ = {isa = PBXBuildFile; fileRef = 1E4085272BC7A2B800AECC94 /* AddSecondViewController.swift */; };
		1E40852A2BC7BCED00AECC94 /* CodeStockSecondDataModel.swift in Sources */ = {isa = PBXBuildFile; fileRef = 1E4085292BC7BCED00AECC94 /* CodeStockSecondDataModel.swift */; };
		1E8FEE322C14ACD8000DD33F /* EditSecondViewController.swift in Sources */ = {isa = PBXBuildFile; fileRef = 1E8FEE312C14ACD8000DD33F /* EditSecondViewController.swift */; };
		1E8FEE342C14ACFF000DD33F /* EditSecondView.storyboard in Resources */ = {isa = PBXBuildFile; fileRef = 1E8FEE332C14ACFF000DD33F /* EditSecondView.storyboard */; };
		1E8FEE472C1717FD000DD33F /* SplashViewController.swift in Sources */ = {isa = PBXBuildFile; fileRef = 1E8FEE462C1717FD000DD33F /* SplashViewController.swift */; };
		1E8FEE492C1739D4000DD33F /* SplashView.storyboard in Resources */ = {isa = PBXBuildFile; fileRef = 1E8FEE482C1739D4000DD33F /* SplashView.storyboard */; };
		56D6664392D6922068E9428D /* Pods_CodeStockAppTests.framework in Frameworks */ = {isa = PBXBuildFile; fileRef = 7A076E300EF56F40D3F1CEF9 /* Pods_CodeStockAppTests.framework */; };
		B483BE4F29B07E7E6E0DBC43 /* Pods_CodeStockApp_CodeStockAppUITests.framework in Frameworks */ = {isa = PBXBuildFile; fileRef = A122FC2A14683A4114D13A88 /* Pods_CodeStockApp_CodeStockAppUITests.framework */; };
		D68EC39FF0F85E04CFB4AC15 /* Pods_CodeStockApp.framework in Frameworks */ = {isa = PBXBuildFile; fileRef = AEA41FB31E3BB6B15B1B142D /* Pods_CodeStockApp.framework */; };
/* End PBXBuildFile section */

/* Begin PBXContainerItemProxy section */
		1E4084C62BB27CE100AECC94 /* PBXContainerItemProxy */ = {
			isa = PBXContainerItemProxy;
			containerPortal = 1E4084A72BB27CE000AECC94 /* Project object */;
			proxyType = 1;
			remoteGlobalIDString = 1E4084AE2BB27CE000AECC94;
			remoteInfo = CodeStockApp;
		};
		1E4084D02BB27CE100AECC94 /* PBXContainerItemProxy */ = {
			isa = PBXContainerItemProxy;
			containerPortal = 1E4084A72BB27CE000AECC94 /* Project object */;
			proxyType = 1;
			remoteGlobalIDString = 1E4084AE2BB27CE000AECC94;
			remoteInfo = CodeStockApp;
		};
/* End PBXContainerItemProxy section */

/* Begin PBXFileReference section */
		110DAB5C2D7F2964BFE7A695 /* Pods-CodeStockAppTests.debug.xcconfig */ = {isa = PBXFileReference; includeInIndex = 1; lastKnownFileType = text.xcconfig; name = "Pods-CodeStockAppTests.debug.xcconfig"; path = "Target Support Files/Pods-CodeStockAppTests/Pods-CodeStockAppTests.debug.xcconfig"; sourceTree = "<group>"; };
		1E1EC1F52BFA3F750076C535 /* PlaceTextView.swift */ = {isa = PBXFileReference; lastKnownFileType = sourcecode.swift; path = PlaceTextView.swift; sourceTree = "<group>"; };
		1E1EC1F72C058FD70076C535 /* EditView.storyboard */ = {isa = PBXFileReference; lastKnownFileType = file.storyboard; path = EditView.storyboard; sourceTree = "<group>"; };
		1E1EC1F92C0590650076C535 /* EditViewController.swift */ = {isa = PBXFileReference; lastKnownFileType = sourcecode.swift; path = EditViewController.swift; sourceTree = "<group>"; };
		1E4084AF2BB27CE000AECC94 /* CodeStockApp.app */ = {isa = PBXFileReference; explicitFileType = wrapper.application; includeInIndex = 0; path = CodeStockApp.app; sourceTree = BUILT_PRODUCTS_DIR; };
		1E4084B22BB27CE000AECC94 /* AppDelegate.swift */ = {isa = PBXFileReference; lastKnownFileType = sourcecode.swift; path = AppDelegate.swift; sourceTree = "<group>"; };
		1E4084B42BB27CE000AECC94 /* SceneDelegate.swift */ = {isa = PBXFileReference; lastKnownFileType = sourcecode.swift; path = SceneDelegate.swift; sourceTree = "<group>"; };
		1E4084BB2BB27CE100AECC94 /* Assets.xcassets */ = {isa = PBXFileReference; lastKnownFileType = folder.assetcatalog; path = Assets.xcassets; sourceTree = "<group>"; };
		1E4084BE2BB27CE100AECC94 /* Base */ = {isa = PBXFileReference; lastKnownFileType = file.storyboard; name = Base; path = Base.lproj/LaunchScreen.storyboard; sourceTree = "<group>"; };
		1E4084C02BB27CE100AECC94 /* Info.plist */ = {isa = PBXFileReference; lastKnownFileType = text.plist.xml; path = Info.plist; sourceTree = "<group>"; };
		1E4084C52BB27CE100AECC94 /* CodeStockAppTests.xctest */ = {isa = PBXFileReference; explicitFileType = wrapper.cfbundle; includeInIndex = 0; path = CodeStockAppTests.xctest; sourceTree = BUILT_PRODUCTS_DIR; };
		1E4084C92BB27CE100AECC94 /* CodeStockAppTests.swift */ = {isa = PBXFileReference; lastKnownFileType = sourcecode.swift; path = CodeStockAppTests.swift; sourceTree = "<group>"; };
		1E4084CF2BB27CE100AECC94 /* CodeStockAppUITests.xctest */ = {isa = PBXFileReference; explicitFileType = wrapper.cfbundle; includeInIndex = 0; path = CodeStockAppUITests.xctest; sourceTree = BUILT_PRODUCTS_DIR; };
		1E4084D32BB27CE100AECC94 /* CodeStockAppUITests.swift */ = {isa = PBXFileReference; lastKnownFileType = sourcecode.swift; path = CodeStockAppUITests.swift; sourceTree = "<group>"; };
		1E4084D52BB27CE100AECC94 /* CodeStockAppUITestsLaunchTests.swift */ = {isa = PBXFileReference; lastKnownFileType = sourcecode.swift; path = CodeStockAppUITestsLaunchTests.swift; sourceTree = "<group>"; };
		1E4084E82BB2DD0B00AECC94 /* MainTabBarController.swift */ = {isa = PBXFileReference; lastKnownFileType = sourcecode.swift; path = MainTabBarController.swift; sourceTree = "<group>"; };
		1E4084EA2BB2E18100AECC94 /* NetViewController.swift */ = {isa = PBXFileReference; lastKnownFileType = sourcecode.swift; path = NetViewController.swift; sourceTree = "<group>"; };
		1E4084EE2BB2E5D600AECC94 /* NetView.storyboard */ = {isa = PBXFileReference; lastKnownFileType = file.storyboard; path = NetView.storyboard; sourceTree = "<group>"; };
		1E4084F22BB2FED200AECC94 /* OwnViewController.swift */ = {isa = PBXFileReference; lastKnownFileType = sourcecode.swift; path = OwnViewController.swift; sourceTree = "<group>"; };
		1E4084F42BB2FF1F00AECC94 /* OwnView.storyboard */ = {isa = PBXFileReference; lastKnownFileType = file.storyboard; path = OwnView.storyboard; sourceTree = "<group>"; };
		1E4084F92BB8207C00AECC94 /* SpringViewController.swift */ = {isa = PBXFileReference; lastKnownFileType = sourcecode.swift; path = SpringViewController.swift; sourceTree = "<group>"; };
		1E4084FB2BB820CF00AECC94 /* SpringView.storyboard */ = {isa = PBXFileReference; lastKnownFileType = file.storyboard; path = SpringView.storyboard; sourceTree = "<group>"; };
		1E4084FD2BB8220300AECC94 /* SummerViewController.swift */ = {isa = PBXFileReference; lastKnownFileType = sourcecode.swift; path = SummerViewController.swift; sourceTree = "<group>"; };
		1E4084FF2BB8222F00AECC94 /* SummerView.storyboard */ = {isa = PBXFileReference; lastKnownFileType = file.storyboard; path = SummerView.storyboard; sourceTree = "<group>"; };
		1E4085012BB8227700AECC94 /* FallViewController.swift */ = {isa = PBXFileReference; lastKnownFileType = sourcecode.swift; path = FallViewController.swift; sourceTree = "<group>"; };
		1E4085032BB822AB00AECC94 /* FallView.storyboard */ = {isa = PBXFileReference; lastKnownFileType = file.storyboard; path = FallView.storyboard; sourceTree = "<group>"; };
		1E4085052BB822D400AECC94 /* WinterViewController.swift */ = {isa = PBXFileReference; lastKnownFileType = sourcecode.swift; path = WinterViewController.swift; sourceTree = "<group>"; };
		1E4085072BB822FB00AECC94 /* WinterView.storyboard */ = {isa = PBXFileReference; lastKnownFileType = file.storyboard; path = WinterView.storyboard; sourceTree = "<group>"; };
		1E4085092BBA7D0200AECC94 /* OwnSpringViewController.swift */ = {isa = PBXFileReference; lastKnownFileType = sourcecode.swift; path = OwnSpringViewController.swift; sourceTree = "<group>"; };
		1E40850B2BBA7D4600AECC94 /* OwnSummerViewController.swift */ = {isa = PBXFileReference; lastKnownFileType = sourcecode.swift; path = OwnSummerViewController.swift; sourceTree = "<group>"; };
		1E40850D2BBA7D9300AECC94 /* OwnFallViewController.swift */ = {isa = PBXFileReference; lastKnownFileType = sourcecode.swift; path = OwnFallViewController.swift; sourceTree = "<group>"; };
		1E40850F2BBA7DD100AECC94 /* OwnWinterViewController.swift */ = {isa = PBXFileReference; lastKnownFileType = sourcecode.swift; path = OwnWinterViewController.swift; sourceTree = "<group>"; };
		1E4085112BBA7E0E00AECC94 /* OwnSpringView.storyboard */ = {isa = PBXFileReference; lastKnownFileType = file.storyboard; path = OwnSpringView.storyboard; sourceTree = "<group>"; };
		1E4085132BBA7E5800AECC94 /* OwnSummerView.storyboard */ = {isa = PBXFileReference; lastKnownFileType = file.storyboard; path = OwnSummerView.storyboard; sourceTree = "<group>"; };
		1E4085152BBA7EBA00AECC94 /* OwnFallView.storyboard */ = {isa = PBXFileReference; lastKnownFileType = file.storyboard; path = OwnFallView.storyboard; sourceTree = "<group>"; };
		1E4085172BBA7F1700AECC94 /* OwnWinterView.storyboard */ = {isa = PBXFileReference; lastKnownFileType = file.storyboard; path = OwnWinterView.storyboard; sourceTree = "<group>"; };
		1E4085192BBAB82000AECC94 /* MainTableViewCell.swift */ = {isa = PBXFileReference; lastKnownFileType = sourcecode.swift; path = MainTableViewCell.swift; sourceTree = "<group>"; };
		1E40851A2BBAB82000AECC94 /* MainTableViewCell.xib */ = {isa = PBXFileReference; lastKnownFileType = file.xib; path = MainTableViewCell.xib; sourceTree = "<group>"; };
		1E40851D2BBF8C3000AECC94 /* AddViewController.swift */ = {isa = PBXFileReference; lastKnownFileType = sourcecode.swift; path = AddViewController.swift; sourceTree = "<group>"; };
		1E40851F2BBF8C5C00AECC94 /* AddView.storyboard */ = {isa = PBXFileReference; lastKnownFileType = file.storyboard; path = AddView.storyboard; sourceTree = "<group>"; };
		1E4085232BC273B500AECC94 /* CodeStockDataModel.swift */ = {isa = PBXFileReference; lastKnownFileType = sourcecode.swift; path = CodeStockDataModel.swift; sourceTree = "<group>"; };
		1E4085252BC7A27300AECC94 /* AddSecondView.storyboard */ = {isa = PBXFileReference; lastKnownFileType = file.storyboard; path = AddSecondView.storyboard; sourceTree = "<group>"; };
		1E4085272BC7A2B800AECC94 /* AddSecondViewController.swift */ = {isa = PBXFileReference; lastKnownFileType = sourcecode.swift; path = AddSecondViewController.swift; sourceTree = "<group>"; };
		1E4085292BC7BCED00AECC94 /* CodeStockSecondDataModel.swift */ = {isa = PBXFileReference; lastKnownFileType = sourcecode.swift; path = CodeStockSecondDataModel.swift; sourceTree = "<group>"; };
		1E8FEE312C14ACD8000DD33F /* EditSecondViewController.swift */ = {isa = PBXFileReference; lastKnownFileType = sourcecode.swift; path = EditSecondViewController.swift; sourceTree = "<group>"; };
		1E8FEE332C14ACFF000DD33F /* EditSecondView.storyboard */ = {isa = PBXFileReference; lastKnownFileType = file.storyboard; path = EditSecondView.storyboard; sourceTree = "<group>"; };
		1E8FEE3F2C16DF24000DD33F /* logo.json */ = {isa = PBXFileReference; lastKnownFileType = text.json; path = logo.json; sourceTree = "<group>"; };
		1E8FEE462C1717FD000DD33F /* SplashViewController.swift */ = {isa = PBXFileReference; lastKnownFileType = sourcecode.swift; path = SplashViewController.swift; sourceTree = "<group>"; };
		1E8FEE482C1739D4000DD33F /* SplashView.storyboard */ = {isa = PBXFileReference; lastKnownFileType = file.storyboard; path = SplashView.storyboard; sourceTree = "<group>"; };
		63F89B6AD388D2C4DDC75553 /* Pods-CodeStockApp-CodeStockAppUITests.release.xcconfig */ = {isa = PBXFileReference; includeInIndex = 1; lastKnownFileType = text.xcconfig; name = "Pods-CodeStockApp-CodeStockAppUITests.release.xcconfig"; path = "Target Support Files/Pods-CodeStockApp-CodeStockAppUITests/Pods-CodeStockApp-CodeStockAppUITests.release.xcconfig"; sourceTree = "<group>"; };
		71799A22D896AEE6BEA40242 /* Pods-CodeStockApp-CodeStockAppUITests.debug.xcconfig */ = {isa = PBXFileReference; includeInIndex = 1; lastKnownFileType = text.xcconfig; name = "Pods-CodeStockApp-CodeStockAppUITests.debug.xcconfig"; path = "Target Support Files/Pods-CodeStockApp-CodeStockAppUITests/Pods-CodeStockApp-CodeStockAppUITests.debug.xcconfig"; sourceTree = "<group>"; };
		7A076E300EF56F40D3F1CEF9 /* Pods_CodeStockAppTests.framework */ = {isa = PBXFileReference; explicitFileType = wrapper.framework; includeInIndex = 0; path = Pods_CodeStockAppTests.framework; sourceTree = BUILT_PRODUCTS_DIR; };
		A122FC2A14683A4114D13A88 /* Pods_CodeStockApp_CodeStockAppUITests.framework */ = {isa = PBXFileReference; explicitFileType = wrapper.framework; includeInIndex = 0; path = Pods_CodeStockApp_CodeStockAppUITests.framework; sourceTree = BUILT_PRODUCTS_DIR; };
		A6A2CEB6FB1E29730B37ABF3 /* Pods-CodeStockAppTests.release.xcconfig */ = {isa = PBXFileReference; includeInIndex = 1; lastKnownFileType = text.xcconfig; name = "Pods-CodeStockAppTests.release.xcconfig"; path = "Target Support Files/Pods-CodeStockAppTests/Pods-CodeStockAppTests.release.xcconfig"; sourceTree = "<group>"; };
		AEA41FB31E3BB6B15B1B142D /* Pods_CodeStockApp.framework */ = {isa = PBXFileReference; explicitFileType = wrapper.framework; includeInIndex = 0; path = Pods_CodeStockApp.framework; sourceTree = BUILT_PRODUCTS_DIR; };
		DA1AE34CBC882017A32861F8 /* Pods-CodeStockApp.debug.xcconfig */ = {isa = PBXFileReference; includeInIndex = 1; lastKnownFileType = text.xcconfig; name = "Pods-CodeStockApp.debug.xcconfig"; path = "Target Support Files/Pods-CodeStockApp/Pods-CodeStockApp.debug.xcconfig"; sourceTree = "<group>"; };
		F9D9AA810D3377D5134C190C /* Pods-CodeStockApp.release.xcconfig */ = {isa = PBXFileReference; includeInIndex = 1; lastKnownFileType = text.xcconfig; name = "Pods-CodeStockApp.release.xcconfig"; path = "Target Support Files/Pods-CodeStockApp/Pods-CodeStockApp.release.xcconfig"; sourceTree = "<group>"; };
/* End PBXFileReference section */

/* Begin PBXFrameworksBuildPhase section */
		1E4084AC2BB27CE000AECC94 /* Frameworks */ = {
			isa = PBXFrameworksBuildPhase;
			buildActionMask = 2147483647;
			files = (
				D68EC39FF0F85E04CFB4AC15 /* Pods_CodeStockApp.framework in Frameworks */,
			);
			runOnlyForDeploymentPostprocessing = 0;
		};
		1E4084C22BB27CE100AECC94 /* Frameworks */ = {
			isa = PBXFrameworksBuildPhase;
			buildActionMask = 2147483647;
			files = (
				56D6664392D6922068E9428D /* Pods_CodeStockAppTests.framework in Frameworks */,
			);
			runOnlyForDeploymentPostprocessing = 0;
		};
		1E4084CC2BB27CE100AECC94 /* Frameworks */ = {
			isa = PBXFrameworksBuildPhase;
			buildActionMask = 2147483647;
			files = (
				B483BE4F29B07E7E6E0DBC43 /* Pods_CodeStockApp_CodeStockAppUITests.framework in Frameworks */,
			);
			runOnlyForDeploymentPostprocessing = 0;
		};
/* End PBXFrameworksBuildPhase section */

/* Begin PBXGroup section */
		1E1EC1F42BFA3F1D0076C535 /* Component */ = {
			isa = PBXGroup;
			children = (
				1E1EC1F52BFA3F750076C535 /* PlaceTextView.swift */,
			);
			path = Component;
			sourceTree = "<group>";
		};
		1E4084A62BB27CE000AECC94 = {
			isa = PBXGroup;
			children = (
				1E4084B12BB27CE000AECC94 /* CodeStockApp */,
				1E4084C82BB27CE100AECC94 /* CodeStockAppTests */,
				1E4084D22BB27CE100AECC94 /* CodeStockAppUITests */,
				1E4084B02BB27CE000AECC94 /* Products */,
				E5395B6C789418664224B9D0 /* Pods */,
				8DBA5715ADE112BB485DDB37 /* Frameworks */,
			);
			sourceTree = "<group>";
		};
		1E4084B02BB27CE000AECC94 /* Products */ = {
			isa = PBXGroup;
			children = (
				1E4084AF2BB27CE000AECC94 /* CodeStockApp.app */,
				1E4084C52BB27CE100AECC94 /* CodeStockAppTests.xctest */,
				1E4084CF2BB27CE100AECC94 /* CodeStockAppUITests.xctest */,
			);
			name = Products;
			sourceTree = "<group>";
		};
		1E4084B12BB27CE000AECC94 /* CodeStockApp */ = {
			isa = PBXGroup;
			children = (
				1E8FEE3D2C16DDCD000DD33F /* Animation */,
				1E1EC1F42BFA3F1D0076C535 /* Component */,
				1E4084F82BB8202100AECC94 /* Model */,
				1E4084F62BB81F8800AECC94 /* View */,
				1E4084F72BB81FBC00AECC94 /* Controller */,
				1E4084B42BB27CE000AECC94 /* SceneDelegate.swift */,
				1E4084B22BB27CE000AECC94 /* AppDelegate.swift */,
				1E4084BB2BB27CE100AECC94 /* Assets.xcassets */,
				1E4084C02BB27CE100AECC94 /* Info.plist */,
				1E4085192BBAB82000AECC94 /* MainTableViewCell.swift */,
				1E40851A2BBAB82000AECC94 /* MainTableViewCell.xib */,
			);
			path = CodeStockApp;
			sourceTree = "<group>";
		};
		1E4084C82BB27CE100AECC94 /* CodeStockAppTests */ = {
			isa = PBXGroup;
			children = (
				1E4084C92BB27CE100AECC94 /* CodeStockAppTests.swift */,
			);
			path = CodeStockAppTests;
			sourceTree = "<group>";
		};
		1E4084D22BB27CE100AECC94 /* CodeStockAppUITests */ = {
			isa = PBXGroup;
			children = (
				1E4084D32BB27CE100AECC94 /* CodeStockAppUITests.swift */,
				1E4084D52BB27CE100AECC94 /* CodeStockAppUITestsLaunchTests.swift */,
			);
			path = CodeStockAppUITests;
			sourceTree = "<group>";
		};
		1E4084F62BB81F8800AECC94 /* View */ = {
			isa = PBXGroup;
			children = (
				1E4085222BBFACE600AECC94 /* SeasonView */,
				1E4084BD2BB27CE100AECC94 /* LaunchScreen.storyboard */,
				1E4084EE2BB2E5D600AECC94 /* NetView.storyboard */,
				1E4084F42BB2FF1F00AECC94 /* OwnView.storyboard */,
				1E40851F2BBF8C5C00AECC94 /* AddView.storyboard */,
				1E4085252BC7A27300AECC94 /* AddSecondView.storyboard */,
				1E1EC1F72C058FD70076C535 /* EditView.storyboard */,
				1E8FEE332C14ACFF000DD33F /* EditSecondView.storyboard */,
				1E8FEE482C1739D4000DD33F /* SplashView.storyboard */,
			);
			path = View;
			sourceTree = "<group>";
		};
		1E4084F72BB81FBC00AECC94 /* Controller */ = {
			isa = PBXGroup;
			children = (
				1E4085212BBFACA400AECC94 /* SeasonController */,
				1E4084E82BB2DD0B00AECC94 /* MainTabBarController.swift */,
				1E4084EA2BB2E18100AECC94 /* NetViewController.swift */,
				1E4084F22BB2FED200AECC94 /* OwnViewController.swift */,
				1E40851D2BBF8C3000AECC94 /* AddViewController.swift */,
				1E4085272BC7A2B800AECC94 /* AddSecondViewController.swift */,
				1E1EC1F92C0590650076C535 /* EditViewController.swift */,
				1E8FEE312C14ACD8000DD33F /* EditSecondViewController.swift */,
				1E8FEE462C1717FD000DD33F /* SplashViewController.swift */,
			);
			path = Controller;
			sourceTree = "<group>";
		};
		1E4084F82BB8202100AECC94 /* Model */ = {
			isa = PBXGroup;
			children = (
				1E4085232BC273B500AECC94 /* CodeStockDataModel.swift */,
				1E4085292BC7BCED00AECC94 /* CodeStockSecondDataModel.swift */,
			);
			path = Model;
			sourceTree = "<group>";
		};
		1E4085212BBFACA400AECC94 /* SeasonController */ = {
			isa = PBXGroup;
			children = (
				1E4084F92BB8207C00AECC94 /* SpringViewController.swift */,
				1E4084FD2BB8220300AECC94 /* SummerViewController.swift */,
				1E4085012BB8227700AECC94 /* FallViewController.swift */,
				1E4085052BB822D400AECC94 /* WinterViewController.swift */,
				1E4085092BBA7D0200AECC94 /* OwnSpringViewController.swift */,
				1E40850B2BBA7D4600AECC94 /* OwnSummerViewController.swift */,
				1E40850D2BBA7D9300AECC94 /* OwnFallViewController.swift */,
				1E40850F2BBA7DD100AECC94 /* OwnWinterViewController.swift */,
			);
			path = SeasonController;
			sourceTree = "<group>";
		};
		1E4085222BBFACE600AECC94 /* SeasonView */ = {
			isa = PBXGroup;
			children = (
				1E4084FB2BB820CF00AECC94 /* SpringView.storyboard */,
				1E4084FF2BB8222F00AECC94 /* SummerView.storyboard */,
				1E4085032BB822AB00AECC94 /* FallView.storyboard */,
				1E4085072BB822FB00AECC94 /* WinterView.storyboard */,
				1E4085112BBA7E0E00AECC94 /* OwnSpringView.storyboard */,
				1E4085132BBA7E5800AECC94 /* OwnSummerView.storyboard */,
				1E4085152BBA7EBA00AECC94 /* OwnFallView.storyboard */,
				1E4085172BBA7F1700AECC94 /* OwnWinterView.storyboard */,
			);
			path = SeasonView;
			sourceTree = "<group>";
		};
		1E8FEE3D2C16DDCD000DD33F /* Animation */ = {
			isa = PBXGroup;
			children = (
				1E8FEE3F2C16DF24000DD33F /* logo.json */,
			);
			path = Animation;
			sourceTree = "<group>";
		};
		8DBA5715ADE112BB485DDB37 /* Frameworks */ = {
			isa = PBXGroup;
			children = (
				AEA41FB31E3BB6B15B1B142D /* Pods_CodeStockApp.framework */,
				A122FC2A14683A4114D13A88 /* Pods_CodeStockApp_CodeStockAppUITests.framework */,
				7A076E300EF56F40D3F1CEF9 /* Pods_CodeStockAppTests.framework */,
			);
			name = Frameworks;
			sourceTree = "<group>";
		};
		E5395B6C789418664224B9D0 /* Pods */ = {
			isa = PBXGroup;
			children = (
				DA1AE34CBC882017A32861F8 /* Pods-CodeStockApp.debug.xcconfig */,
				F9D9AA810D3377D5134C190C /* Pods-CodeStockApp.release.xcconfig */,
				71799A22D896AEE6BEA40242 /* Pods-CodeStockApp-CodeStockAppUITests.debug.xcconfig */,
				63F89B6AD388D2C4DDC75553 /* Pods-CodeStockApp-CodeStockAppUITests.release.xcconfig */,
				110DAB5C2D7F2964BFE7A695 /* Pods-CodeStockAppTests.debug.xcconfig */,
				A6A2CEB6FB1E29730B37ABF3 /* Pods-CodeStockAppTests.release.xcconfig */,
			);
			path = Pods;
			sourceTree = "<group>";
		};
/* End PBXGroup section */

/* Begin PBXNativeTarget section */
		1E4084AE2BB27CE000AECC94 /* CodeStockApp */ = {
			isa = PBXNativeTarget;
			buildConfigurationList = 1E4084D92BB27CE100AECC94 /* Build configuration list for PBXNativeTarget "CodeStockApp" */;
			buildPhases = (
				46C10C54C3C004F5CE500A4F /* [CP] Check Pods Manifest.lock */,
				1E4084AB2BB27CE000AECC94 /* Sources */,
				1E4084AC2BB27CE000AECC94 /* Frameworks */,
				1E4084AD2BB27CE000AECC94 /* Resources */,
				E296BBB0BCE45228ED332246 /* [CP] Embed Pods Frameworks */,
			);
			buildRules = (
			);
			dependencies = (
			);
			name = CodeStockApp;
			productName = CodeStockApp;
			productReference = 1E4084AF2BB27CE000AECC94 /* CodeStockApp.app */;
			productType = "com.apple.product-type.application";
		};
		1E4084C42BB27CE100AECC94 /* CodeStockAppTests */ = {
			isa = PBXNativeTarget;
			buildConfigurationList = 1E4084DC2BB27CE100AECC94 /* Build configuration list for PBXNativeTarget "CodeStockAppTests" */;
			buildPhases = (
				C53AFDDF43E122862D24F55E /* [CP] Check Pods Manifest.lock */,
				1E4084C12BB27CE100AECC94 /* Sources */,
				1E4084C22BB27CE100AECC94 /* Frameworks */,
				1E4084C32BB27CE100AECC94 /* Resources */,
			);
			buildRules = (
			);
			dependencies = (
				1E4084C72BB27CE100AECC94 /* PBXTargetDependency */,
			);
			name = CodeStockAppTests;
			productName = CodeStockAppTests;
			productReference = 1E4084C52BB27CE100AECC94 /* CodeStockAppTests.xctest */;
			productType = "com.apple.product-type.bundle.unit-test";
		};
		1E4084CE2BB27CE100AECC94 /* CodeStockAppUITests */ = {
			isa = PBXNativeTarget;
			buildConfigurationList = 1E4084DF2BB27CE100AECC94 /* Build configuration list for PBXNativeTarget "CodeStockAppUITests" */;
			buildPhases = (
				7F0F97E1580172C30B738F61 /* [CP] Check Pods Manifest.lock */,
				1E4084CB2BB27CE100AECC94 /* Sources */,
				1E4084CC2BB27CE100AECC94 /* Frameworks */,
				1E4084CD2BB27CE100AECC94 /* Resources */,
				040462C2BFEE31BA2DE59C8A /* [CP] Embed Pods Frameworks */,
			);
			buildRules = (
			);
			dependencies = (
				1E4084D12BB27CE100AECC94 /* PBXTargetDependency */,
			);
			name = CodeStockAppUITests;
			productName = CodeStockAppUITests;
			productReference = 1E4084CF2BB27CE100AECC94 /* CodeStockAppUITests.xctest */;
			productType = "com.apple.product-type.bundle.ui-testing";
		};
/* End PBXNativeTarget section */

/* Begin PBXProject section */
		1E4084A72BB27CE000AECC94 /* Project object */ = {
			isa = PBXProject;
			attributes = {
				BuildIndependentTargetsInParallel = 1;
				LastSwiftUpdateCheck = 1530;
				LastUpgradeCheck = 1530;
				TargetAttributes = {
					1E4084AE2BB27CE000AECC94 = {
						CreatedOnToolsVersion = 15.3;
					};
					1E4084C42BB27CE100AECC94 = {
						CreatedOnToolsVersion = 15.3;
						TestTargetID = 1E4084AE2BB27CE000AECC94;
					};
					1E4084CE2BB27CE100AECC94 = {
						CreatedOnToolsVersion = 15.3;
						TestTargetID = 1E4084AE2BB27CE000AECC94;
					};
				};
			};
			buildConfigurationList = 1E4084AA2BB27CE000AECC94 /* Build configuration list for PBXProject "CodeStockApp" */;
			compatibilityVersion = "Xcode 14.0";
			developmentRegion = en;
			hasScannedForEncodings = 0;
			knownRegions = (
				en,
				Base,
			);
			mainGroup = 1E4084A62BB27CE000AECC94;
			productRefGroup = 1E4084B02BB27CE000AECC94 /* Products */;
			projectDirPath = "";
			projectRoot = "";
			targets = (
				1E4084AE2BB27CE000AECC94 /* CodeStockApp */,
				1E4084C42BB27CE100AECC94 /* CodeStockAppTests */,
				1E4084CE2BB27CE100AECC94 /* CodeStockAppUITests */,
			);
		};
/* End PBXProject section */

/* Begin PBXResourcesBuildPhase section */
		1E4084AD2BB27CE000AECC94 /* Resources */ = {
			isa = PBXResourcesBuildPhase;
			buildActionMask = 2147483647;
			files = (
				1E4085082BB822FB00AECC94 /* WinterView.storyboard in Resources */,
				1E4085002BB8222F00AECC94 /* SummerView.storyboard in Resources */,
				1E4084F52BB2FF1F00AECC94 /* OwnView.storyboard in Resources */,
				1E4085182BBA7F1700AECC94 /* OwnWinterView.storyboard in Resources */,
				1E8FEE492C1739D4000DD33F /* SplashView.storyboard in Resources */,
				1E4084BC2BB27CE100AECC94 /* Assets.xcassets in Resources */,
				1E4084BF2BB27CE100AECC94 /* Base in Resources */,
				1E4085042BB822AB00AECC94 /* FallView.storyboard in Resources */,
				1E4085122BBA7E0E00AECC94 /* OwnSpringView.storyboard in Resources */,
				1E4085142BBA7E5800AECC94 /* OwnSummerView.storyboard in Resources */,
				1E8FEE342C14ACFF000DD33F /* EditSecondView.storyboard in Resources */,
				1E4085162BBA7EBA00AECC94 /* OwnFallView.storyboard in Resources */,
				1E40851C2BBAB82000AECC94 /* MainTableViewCell.xib in Resources */,
				1E1EC1F82C058FD80076C535 /* EditView.storyboard in Resources */,
				1E4085262BC7A27300AECC94 /* AddSecondView.storyboard in Resources */,
				1E4084FC2BB820CF00AECC94 /* SpringView.storyboard in Resources */,
				1E4084EF2BB2E5D600AECC94 /* NetView.storyboard in Resources */,
				1E4085202BBF8C5C00AECC94 /* AddView.storyboard in Resources */,
			);
			runOnlyForDeploymentPostprocessing = 0;
		};
		1E4084C32BB27CE100AECC94 /* Resources */ = {
			isa = PBXResourcesBuildPhase;
			buildActionMask = 2147483647;
			files = (
			);
			runOnlyForDeploymentPostprocessing = 0;
		};
		1E4084CD2BB27CE100AECC94 /* Resources */ = {
			isa = PBXResourcesBuildPhase;
			buildActionMask = 2147483647;
			files = (
			);
			runOnlyForDeploymentPostprocessing = 0;
		};
/* End PBXResourcesBuildPhase section */

/* Begin PBXShellScriptBuildPhase section */
		040462C2BFEE31BA2DE59C8A /* [CP] Embed Pods Frameworks */ = {
			isa = PBXShellScriptBuildPhase;
			buildActionMask = 2147483647;
			files = (
			);
			inputFileListPaths = (
				"${PODS_ROOT}/Target Support Files/Pods-CodeStockApp-CodeStockAppUITests/Pods-CodeStockApp-CodeStockAppUITests-frameworks-${CONFIGURATION}-input-files.xcfilelist",
			);
			name = "[CP] Embed Pods Frameworks";
			outputFileListPaths = (
				"${PODS_ROOT}/Target Support Files/Pods-CodeStockApp-CodeStockAppUITests/Pods-CodeStockApp-CodeStockAppUITests-frameworks-${CONFIGURATION}-output-files.xcfilelist",
			);
			runOnlyForDeploymentPostprocessing = 0;
			shellPath = /bin/sh;
			shellScript = "\"${PODS_ROOT}/Target Support Files/Pods-CodeStockApp-CodeStockAppUITests/Pods-CodeStockApp-CodeStockAppUITests-frameworks.sh\"\n";
			showEnvVarsInLog = 0;
		};
		46C10C54C3C004F5CE500A4F /* [CP] Check Pods Manifest.lock */ = {
			isa = PBXShellScriptBuildPhase;
			buildActionMask = 2147483647;
			files = (
			);
			inputFileListPaths = (
			);
			inputPaths = (
				"${PODS_PODFILE_DIR_PATH}/Podfile.lock",
				"${PODS_ROOT}/Manifest.lock",
			);
			name = "[CP] Check Pods Manifest.lock";
			outputFileListPaths = (
			);
			outputPaths = (
				"$(DERIVED_FILE_DIR)/Pods-CodeStockApp-checkManifestLockResult.txt",
			);
			runOnlyForDeploymentPostprocessing = 0;
			shellPath = /bin/sh;
			shellScript = "diff \"${PODS_PODFILE_DIR_PATH}/Podfile.lock\" \"${PODS_ROOT}/Manifest.lock\" > /dev/null\nif [ $? != 0 ] ; then\n    # print error to STDERR\n    echo \"error: The sandbox is not in sync with the Podfile.lock. Run 'pod install' or update your CocoaPods installation.\" >&2\n    exit 1\nfi\n# This output is used by Xcode 'outputs' to avoid re-running this script phase.\necho \"SUCCESS\" > \"${SCRIPT_OUTPUT_FILE_0}\"\n";
			showEnvVarsInLog = 0;
		};
		7F0F97E1580172C30B738F61 /* [CP] Check Pods Manifest.lock */ = {
			isa = PBXShellScriptBuildPhase;
			buildActionMask = 2147483647;
			files = (
			);
			inputFileListPaths = (
			);
			inputPaths = (
				"${PODS_PODFILE_DIR_PATH}/Podfile.lock",
				"${PODS_ROOT}/Manifest.lock",
			);
			name = "[CP] Check Pods Manifest.lock";
			outputFileListPaths = (
			);
			outputPaths = (
				"$(DERIVED_FILE_DIR)/Pods-CodeStockApp-CodeStockAppUITests-checkManifestLockResult.txt",
			);
			runOnlyForDeploymentPostprocessing = 0;
			shellPath = /bin/sh;
			shellScript = "diff \"${PODS_PODFILE_DIR_PATH}/Podfile.lock\" \"${PODS_ROOT}/Manifest.lock\" > /dev/null\nif [ $? != 0 ] ; then\n    # print error to STDERR\n    echo \"error: The sandbox is not in sync with the Podfile.lock. Run 'pod install' or update your CocoaPods installation.\" >&2\n    exit 1\nfi\n# This output is used by Xcode 'outputs' to avoid re-running this script phase.\necho \"SUCCESS\" > \"${SCRIPT_OUTPUT_FILE_0}\"\n";
			showEnvVarsInLog = 0;
		};
		C53AFDDF43E122862D24F55E /* [CP] Check Pods Manifest.lock */ = {
			isa = PBXShellScriptBuildPhase;
			buildActionMask = 2147483647;
			files = (
			);
			inputFileListPaths = (
			);
			inputPaths = (
				"${PODS_PODFILE_DIR_PATH}/Podfile.lock",
				"${PODS_ROOT}/Manifest.lock",
			);
			name = "[CP] Check Pods Manifest.lock";
			outputFileListPaths = (
			);
			outputPaths = (
				"$(DERIVED_FILE_DIR)/Pods-CodeStockAppTests-checkManifestLockResult.txt",
			);
			runOnlyForDeploymentPostprocessing = 0;
			shellPath = /bin/sh;
			shellScript = "diff \"${PODS_PODFILE_DIR_PATH}/Podfile.lock\" \"${PODS_ROOT}/Manifest.lock\" > /dev/null\nif [ $? != 0 ] ; then\n    # print error to STDERR\n    echo \"error: The sandbox is not in sync with the Podfile.lock. Run 'pod install' or update your CocoaPods installation.\" >&2\n    exit 1\nfi\n# This output is used by Xcode 'outputs' to avoid re-running this script phase.\necho \"SUCCESS\" > \"${SCRIPT_OUTPUT_FILE_0}\"\n";
			showEnvVarsInLog = 0;
		};
		E296BBB0BCE45228ED332246 /* [CP] Embed Pods Frameworks */ = {
			isa = PBXShellScriptBuildPhase;
			buildActionMask = 2147483647;
			files = (
			);
			inputFileListPaths = (
				"${PODS_ROOT}/Target Support Files/Pods-CodeStockApp/Pods-CodeStockApp-frameworks-${CONFIGURATION}-input-files.xcfilelist",
			);
			name = "[CP] Embed Pods Frameworks";
			outputFileListPaths = (
				"${PODS_ROOT}/Target Support Files/Pods-CodeStockApp/Pods-CodeStockApp-frameworks-${CONFIGURATION}-output-files.xcfilelist",
			);
			runOnlyForDeploymentPostprocessing = 0;
			shellPath = /bin/sh;
			shellScript = "\"${PODS_ROOT}/Target Support Files/Pods-CodeStockApp/Pods-CodeStockApp-frameworks.sh\"\n";
			showEnvVarsInLog = 0;
		};
/* End PBXShellScriptBuildPhase section */

/* Begin PBXSourcesBuildPhase section */
		1E4084AB2BB27CE000AECC94 /* Sources */ = {
			isa = PBXSourcesBuildPhase;
			buildActionMask = 2147483647;
			files = (
				1E1EC1FA2C0590650076C535 /* EditViewController.swift in Sources */,
				1E4084EB2BB2E18100AECC94 /* NetViewController.swift in Sources */,
				1E4085022BB8227700AECC94 /* FallViewController.swift in Sources */,
				1E4085282BC7A2B800AECC94 /* AddSecondViewController.swift in Sources */,
				1E4084F32BB2FED200AECC94 /* OwnViewController.swift in Sources */,
				1E8FEE472C1717FD000DD33F /* SplashViewController.swift in Sources */,
				1E4084B32BB27CE000AECC94 /* AppDelegate.swift in Sources */,
				1E40850E2BBA7D9300AECC94 /* OwnFallViewController.swift in Sources */,
				1E40851E2BBF8C3000AECC94 /* AddViewController.swift in Sources */,
				1E40850A2BBA7D0200AECC94 /* OwnSpringViewController.swift in Sources */,
				1E4084FE2BB8220300AECC94 /* SummerViewController.swift in Sources */,
				1E40852A2BC7BCED00AECC94 /* CodeStockSecondDataModel.swift in Sources */,
				1E4084B52BB27CE000AECC94 /* SceneDelegate.swift in Sources */,
				1E4084E92BB2DD0B00AECC94 /* MainTabBarController.swift in Sources */,
				1E8FEE322C14ACD8000DD33F /* EditSecondViewController.swift in Sources */,
				1E4085062BB822D400AECC94 /* WinterViewController.swift in Sources */,
				1E40851B2BBAB82000AECC94 /* MainTableViewCell.swift in Sources */,
				1E40850C2BBA7D4600AECC94 /* OwnSummerViewController.swift in Sources */,
				1E4085242BC273B500AECC94 /* CodeStockDataModel.swift in Sources */,
				1E4084FA2BB8207C00AECC94 /* SpringViewController.swift in Sources */,
				1E1EC1F62BFA3F750076C535 /* PlaceTextView.swift in Sources */,
				1E4085102BBA7DD100AECC94 /* OwnWinterViewController.swift in Sources */,
			);
			runOnlyForDeploymentPostprocessing = 0;
		};
		1E4084C12BB27CE100AECC94 /* Sources */ = {
			isa = PBXSourcesBuildPhase;
			buildActionMask = 2147483647;
			files = (
				1E4084CA2BB27CE100AECC94 /* CodeStockAppTests.swift in Sources */,
			);
			runOnlyForDeploymentPostprocessing = 0;
		};
		1E4084CB2BB27CE100AECC94 /* Sources */ = {
			isa = PBXSourcesBuildPhase;
			buildActionMask = 2147483647;
			files = (
				1E4084D62BB27CE100AECC94 /* CodeStockAppUITestsLaunchTests.swift in Sources */,
				1E4084D42BB27CE100AECC94 /* CodeStockAppUITests.swift in Sources */,
			);
			runOnlyForDeploymentPostprocessing = 0;
		};
/* End PBXSourcesBuildPhase section */

/* Begin PBXTargetDependency section */
		1E4084C72BB27CE100AECC94 /* PBXTargetDependency */ = {
			isa = PBXTargetDependency;
			target = 1E4084AE2BB27CE000AECC94 /* CodeStockApp */;
			targetProxy = 1E4084C62BB27CE100AECC94 /* PBXContainerItemProxy */;
		};
		1E4084D12BB27CE100AECC94 /* PBXTargetDependency */ = {
			isa = PBXTargetDependency;
			target = 1E4084AE2BB27CE000AECC94 /* CodeStockApp */;
			targetProxy = 1E4084D02BB27CE100AECC94 /* PBXContainerItemProxy */;
		};
/* End PBXTargetDependency section */

/* Begin PBXVariantGroup section */
		1E4084BD2BB27CE100AECC94 /* LaunchScreen.storyboard */ = {
			isa = PBXVariantGroup;
			children = (
				1E4084BE2BB27CE100AECC94 /* Base */,
			);
			name = LaunchScreen.storyboard;
			sourceTree = "<group>";
		};
/* End PBXVariantGroup section */

/* Begin XCBuildConfiguration section */
		1E4084D72BB27CE100AECC94 /* Debug */ = {
			isa = XCBuildConfiguration;
			buildSettings = {
				ALWAYS_SEARCH_USER_PATHS = NO;
				ASSETCATALOG_COMPILER_GENERATE_SWIFT_ASSET_SYMBOL_EXTENSIONS = YES;
				CLANG_ANALYZER_NONNULL = YES;
				CLANG_ANALYZER_NUMBER_OBJECT_CONVERSION = YES_AGGRESSIVE;
				CLANG_CXX_LANGUAGE_STANDARD = "gnu++20";
				CLANG_ENABLE_MODULES = YES;
				CLANG_ENABLE_OBJC_ARC = YES;
				CLANG_ENABLE_OBJC_WEAK = YES;
				CLANG_WARN_BLOCK_CAPTURE_AUTORELEASING = YES;
				CLANG_WARN_BOOL_CONVERSION = YES;
				CLANG_WARN_COMMA = YES;
				CLANG_WARN_CONSTANT_CONVERSION = YES;
				CLANG_WARN_DEPRECATED_OBJC_IMPLEMENTATIONS = YES;
				CLANG_WARN_DIRECT_OBJC_ISA_USAGE = YES_ERROR;
				CLANG_WARN_DOCUMENTATION_COMMENTS = YES;
				CLANG_WARN_EMPTY_BODY = YES;
				CLANG_WARN_ENUM_CONVERSION = YES;
				CLANG_WARN_INFINITE_RECURSION = YES;
				CLANG_WARN_INT_CONVERSION = YES;
				CLANG_WARN_NON_LITERAL_NULL_CONVERSION = YES;
				CLANG_WARN_OBJC_IMPLICIT_RETAIN_SELF = YES;
				CLANG_WARN_OBJC_LITERAL_CONVERSION = YES;
				CLANG_WARN_OBJC_ROOT_CLASS = YES_ERROR;
				CLANG_WARN_QUOTED_INCLUDE_IN_FRAMEWORK_HEADER = YES;
				CLANG_WARN_RANGE_LOOP_ANALYSIS = YES;
				CLANG_WARN_STRICT_PROTOTYPES = YES;
				CLANG_WARN_SUSPICIOUS_MOVE = YES;
				CLANG_WARN_UNGUARDED_AVAILABILITY = YES_AGGRESSIVE;
				CLANG_WARN_UNREACHABLE_CODE = YES;
				CLANG_WARN__DUPLICATE_METHOD_MATCH = YES;
				COPY_PHASE_STRIP = NO;
				DEBUG_INFORMATION_FORMAT = dwarf;
				ENABLE_STRICT_OBJC_MSGSEND = YES;
				ENABLE_TESTABILITY = YES;
				ENABLE_USER_SCRIPT_SANDBOXING = YES;
				GCC_C_LANGUAGE_STANDARD = gnu17;
				GCC_DYNAMIC_NO_PIC = NO;
				GCC_NO_COMMON_BLOCKS = YES;
				GCC_OPTIMIZATION_LEVEL = 0;
				GCC_PREPROCESSOR_DEFINITIONS = (
					"DEBUG=1",
					"$(inherited)",
				);
				GCC_WARN_64_TO_32_BIT_CONVERSION = YES;
				GCC_WARN_ABOUT_RETURN_TYPE = YES_ERROR;
				GCC_WARN_UNDECLARED_SELECTOR = YES;
				GCC_WARN_UNINITIALIZED_AUTOS = YES_AGGRESSIVE;
				GCC_WARN_UNUSED_FUNCTION = YES;
				GCC_WARN_UNUSED_VARIABLE = YES;
				IPHONEOS_DEPLOYMENT_TARGET = 17.4;
				LOCALIZATION_PREFERS_STRING_CATALOGS = YES;
				MTL_ENABLE_DEBUG_INFO = INCLUDE_SOURCE;
				MTL_FAST_MATH = YES;
				ONLY_ACTIVE_ARCH = YES;
				SDKROOT = iphoneos;
				SWIFT_ACTIVE_COMPILATION_CONDITIONS = "DEBUG $(inherited)";
				SWIFT_OPTIMIZATION_LEVEL = "-Onone";
			};
			name = Debug;
		};
		1E4084D82BB27CE100AECC94 /* Release */ = {
			isa = XCBuildConfiguration;
			buildSettings = {
				ALWAYS_SEARCH_USER_PATHS = NO;
				ASSETCATALOG_COMPILER_GENERATE_SWIFT_ASSET_SYMBOL_EXTENSIONS = YES;
				CLANG_ANALYZER_NONNULL = YES;
				CLANG_ANALYZER_NUMBER_OBJECT_CONVERSION = YES_AGGRESSIVE;
				CLANG_CXX_LANGUAGE_STANDARD = "gnu++20";
				CLANG_ENABLE_MODULES = YES;
				CLANG_ENABLE_OBJC_ARC = YES;
				CLANG_ENABLE_OBJC_WEAK = YES;
				CLANG_WARN_BLOCK_CAPTURE_AUTORELEASING = YES;
				CLANG_WARN_BOOL_CONVERSION = YES;
				CLANG_WARN_COMMA = YES;
				CLANG_WARN_CONSTANT_CONVERSION = YES;
				CLANG_WARN_DEPRECATED_OBJC_IMPLEMENTATIONS = YES;
				CLANG_WARN_DIRECT_OBJC_ISA_USAGE = YES_ERROR;
				CLANG_WARN_DOCUMENTATION_COMMENTS = YES;
				CLANG_WARN_EMPTY_BODY = YES;
				CLANG_WARN_ENUM_CONVERSION = YES;
				CLANG_WARN_INFINITE_RECURSION = YES;
				CLANG_WARN_INT_CONVERSION = YES;
				CLANG_WARN_NON_LITERAL_NULL_CONVERSION = YES;
				CLANG_WARN_OBJC_IMPLICIT_RETAIN_SELF = YES;
				CLANG_WARN_OBJC_LITERAL_CONVERSION = YES;
				CLANG_WARN_OBJC_ROOT_CLASS = YES_ERROR;
				CLANG_WARN_QUOTED_INCLUDE_IN_FRAMEWORK_HEADER = YES;
				CLANG_WARN_RANGE_LOOP_ANALYSIS = YES;
				CLANG_WARN_STRICT_PROTOTYPES = YES;
				CLANG_WARN_SUSPICIOUS_MOVE = YES;
				CLANG_WARN_UNGUARDED_AVAILABILITY = YES_AGGRESSIVE;
				CLANG_WARN_UNREACHABLE_CODE = YES;
				CLANG_WARN__DUPLICATE_METHOD_MATCH = YES;
				COPY_PHASE_STRIP = NO;
				DEBUG_INFORMATION_FORMAT = "dwarf-with-dsym";
				ENABLE_NS_ASSERTIONS = NO;
				ENABLE_STRICT_OBJC_MSGSEND = YES;
				ENABLE_USER_SCRIPT_SANDBOXING = YES;
				GCC_C_LANGUAGE_STANDARD = gnu17;
				GCC_NO_COMMON_BLOCKS = YES;
				GCC_WARN_64_TO_32_BIT_CONVERSION = YES;
				GCC_WARN_ABOUT_RETURN_TYPE = YES_ERROR;
				GCC_WARN_UNDECLARED_SELECTOR = YES;
				GCC_WARN_UNINITIALIZED_AUTOS = YES_AGGRESSIVE;
				GCC_WARN_UNUSED_FUNCTION = YES;
				GCC_WARN_UNUSED_VARIABLE = YES;
				IPHONEOS_DEPLOYMENT_TARGET = 17.4;
				LOCALIZATION_PREFERS_STRING_CATALOGS = YES;
				MTL_ENABLE_DEBUG_INFO = NO;
				MTL_FAST_MATH = YES;
				SDKROOT = iphoneos;
				SWIFT_COMPILATION_MODE = wholemodule;
				VALIDATE_PRODUCT = YES;
			};
			name = Release;
		};
		1E4084DA2BB27CE100AECC94 /* Debug */ = {
			isa = XCBuildConfiguration;
			baseConfigurationReference = DA1AE34CBC882017A32861F8 /* Pods-CodeStockApp.debug.xcconfig */;
			buildSettings = {
				ASSETCATALOG_COMPILER_APPICON_NAME = AppIcon;
				ASSETCATALOG_COMPILER_GLOBAL_ACCENT_COLOR_NAME = AccentColor;
				CODE_SIGN_STYLE = Automatic;
				CURRENT_PROJECT_VERSION = 1;
				DEAD_CODE_STRIPPING = YES;
				DEVELOPMENT_TEAM = 3J8CXP9GNA;
				ENABLE_USER_SCRIPT_SANDBOXING = NO;
				GENERATE_INFOPLIST_FILE = YES;
				INFOPLIST_FILE = CodeStockApp/Info.plist;
				INFOPLIST_KEY_NSCameraUsageDescription = "";
				INFOPLIST_KEY_NSPhotoLibraryAddUsageDescription = "アプリ内からカメラロールを使用するため";
				INFOPLIST_KEY_UIApplicationSupportsIndirectInputEvents = YES;
				INFOPLIST_KEY_UILaunchStoryboardName = SplashView;
				INFOPLIST_KEY_UIMainStoryboardFile = "";
				INFOPLIST_KEY_UIRequiresFullScreen = NO;
				INFOPLIST_KEY_UIStatusBarStyle = "";
				INFOPLIST_KEY_UISupportedInterfaceOrientations = "UIInterfaceOrientationLandscapeLeft UIInterfaceOrientationLandscapeRight UIInterfaceOrientationPortrait UIInterfaceOrientationPortraitUpsideDown";
				INFOPLIST_KEY_UIUserInterfaceStyle = Dark;
				IPHONEOS_DEPLOYMENT_TARGET = 15.0;
				LD_RUNPATH_SEARCH_PATHS = (
					"$(inherited)",
					"@executable_path/Frameworks",
				);
				MARKETING_VERSION = 0.0.1;
				PRODUCT_BUNDLE_IDENTIFIER = "com.ios-academia.CodeStockApp";
				PRODUCT_NAME = "$(TARGET_NAME)";
				SWIFT_EMIT_LOC_STRINGS = YES;
				SWIFT_VERSION = 5.0;
				TARGETED_DEVICE_FAMILY = "1,2";
			};
			name = Debug;
		};
		1E4084DB2BB27CE100AECC94 /* Release */ = {
			isa = XCBuildConfiguration;
			baseConfigurationReference = F9D9AA810D3377D5134C190C /* Pods-CodeStockApp.release.xcconfig */;
			buildSettings = {
				ASSETCATALOG_COMPILER_APPICON_NAME = AppIcon;
				ASSETCATALOG_COMPILER_GLOBAL_ACCENT_COLOR_NAME = AccentColor;
				CODE_SIGN_STYLE = Automatic;
				CURRENT_PROJECT_VERSION = 1;
				DEAD_CODE_STRIPPING = YES;
				DEVELOPMENT_TEAM = 3J8CXP9GNA;
				ENABLE_USER_SCRIPT_SANDBOXING = NO;
				GENERATE_INFOPLIST_FILE = YES;
				INFOPLIST_FILE = CodeStockApp/Info.plist;
				INFOPLIST_KEY_NSCameraUsageDescription = "";
				INFOPLIST_KEY_NSPhotoLibraryAddUsageDescription = "アプリ内からカメラロールを使用するため";
				INFOPLIST_KEY_UIApplicationSupportsIndirectInputEvents = YES;
				INFOPLIST_KEY_UILaunchStoryboardName = SplashView;
				INFOPLIST_KEY_UIMainStoryboardFile = "";
				INFOPLIST_KEY_UIRequiresFullScreen = NO;
				INFOPLIST_KEY_UIStatusBarStyle = "";
				INFOPLIST_KEY_UISupportedInterfaceOrientations = "UIInterfaceOrientationLandscapeLeft UIInterfaceOrientationLandscapeRight UIInterfaceOrientationPortrait UIInterfaceOrientationPortraitUpsideDown";
				INFOPLIST_KEY_UIUserInterfaceStyle = Dark;
				IPHONEOS_DEPLOYMENT_TARGET = 15.0;
				LD_RUNPATH_SEARCH_PATHS = (
					"$(inherited)",
					"@executable_path/Frameworks",
				);
				MARKETING_VERSION = 0.0.1;
				PRODUCT_BUNDLE_IDENTIFIER = "com.ios-academia.CodeStockApp";
				PRODUCT_NAME = "$(TARGET_NAME)";
				SWIFT_EMIT_LOC_STRINGS = YES;
				SWIFT_VERSION = 5.0;
				TARGETED_DEVICE_FAMILY = "1,2";
			};
			name = Release;
		};
		1E4084DD2BB27CE100AECC94 /* Debug */ = {
			isa = XCBuildConfiguration;
			baseConfigurationReference = 110DAB5C2D7F2964BFE7A695 /* Pods-CodeStockAppTests.debug.xcconfig */;
			buildSettings = {
				ALWAYS_EMBED_SWIFT_STANDARD_LIBRARIES = YES;
				BUNDLE_LOADER = "$(TEST_HOST)";
				CODE_SIGN_STYLE = Automatic;
				CURRENT_PROJECT_VERSION = 1;
				DEVELOPMENT_TEAM = 3J8CXP9GNA;
				GENERATE_INFOPLIST_FILE = YES;
				IPHONEOS_DEPLOYMENT_TARGET = 17.4;
				MARKETING_VERSION = 1.0;
				PRODUCT_BUNDLE_IDENTIFIER = "com.ios-academia.CodeStockAppTests";
				PRODUCT_NAME = "$(TARGET_NAME)";
				SWIFT_EMIT_LOC_STRINGS = NO;
				SWIFT_VERSION = 5.0;
				TARGETED_DEVICE_FAMILY = "1,2";
				TEST_HOST = "$(BUILT_PRODUCTS_DIR)/CodeStockApp.app/$(BUNDLE_EXECUTABLE_FOLDER_PATH)/CodeStockApp";
			};
			name = Debug;
		};
		1E4084DE2BB27CE100AECC94 /* Release */ = {
			isa = XCBuildConfiguration;
			baseConfigurationReference = A6A2CEB6FB1E29730B37ABF3 /* Pods-CodeStockAppTests.release.xcconfig */;
			buildSettings = {
				ALWAYS_EMBED_SWIFT_STANDARD_LIBRARIES = YES;
				BUNDLE_LOADER = "$(TEST_HOST)";
				CODE_SIGN_STYLE = Automatic;
				CURRENT_PROJECT_VERSION = 1;
				DEVELOPMENT_TEAM = 3J8CXP9GNA;
				GENERATE_INFOPLIST_FILE = YES;
				IPHONEOS_DEPLOYMENT_TARGET = 17.4;
				MARKETING_VERSION = 1.0;
				PRODUCT_BUNDLE_IDENTIFIER = "com.ios-academia.CodeStockAppTests";
				PRODUCT_NAME = "$(TARGET_NAME)";
				SWIFT_EMIT_LOC_STRINGS = NO;
				SWIFT_VERSION = 5.0;
				TARGETED_DEVICE_FAMILY = "1,2";
				TEST_HOST = "$(BUILT_PRODUCTS_DIR)/CodeStockApp.app/$(BUNDLE_EXECUTABLE_FOLDER_PATH)/CodeStockApp";
			};
			name = Release;
		};
		1E4084E02BB27CE100AECC94 /* Debug */ = {
			isa = XCBuildConfiguration;
			baseConfigurationReference = 71799A22D896AEE6BEA40242 /* Pods-CodeStockApp-CodeStockAppUITests.debug.xcconfig */;
			buildSettings = {
				ALWAYS_EMBED_SWIFT_STANDARD_LIBRARIES = YES;
				CODE_SIGN_STYLE = Automatic;
				CURRENT_PROJECT_VERSION = 1;
				DEVELOPMENT_TEAM = 3J8CXP9GNA;
				GENERATE_INFOPLIST_FILE = YES;
				MARKETING_VERSION = 1.0;
				PRODUCT_BUNDLE_IDENTIFIER = "com.ios-academia.CodeStockAppUITests";
				PRODUCT_NAME = "$(TARGET_NAME)";
				SWIFT_EMIT_LOC_STRINGS = NO;
				SWIFT_VERSION = 5.0;
				TARGETED_DEVICE_FAMILY = "1,2";
				TEST_TARGET_NAME = CodeStockApp;
			};
			name = Debug;
		};
		1E4084E12BB27CE100AECC94 /* Release */ = {
			isa = XCBuildConfiguration;
			baseConfigurationReference = 63F89B6AD388D2C4DDC75553 /* Pods-CodeStockApp-CodeStockAppUITests.release.xcconfig */;
			buildSettings = {
				ALWAYS_EMBED_SWIFT_STANDARD_LIBRARIES = YES;
				CODE_SIGN_STYLE = Automatic;
				CURRENT_PROJECT_VERSION = 1;
				DEVELOPMENT_TEAM = 3J8CXP9GNA;
				GENERATE_INFOPLIST_FILE = YES;
				MARKETING_VERSION = 1.0;
				PRODUCT_BUNDLE_IDENTIFIER = "com.ios-academia.CodeStockAppUITests";
				PRODUCT_NAME = "$(TARGET_NAME)";
				SWIFT_EMIT_LOC_STRINGS = NO;
				SWIFT_VERSION = 5.0;
				TARGETED_DEVICE_FAMILY = "1,2";
				TEST_TARGET_NAME = CodeStockApp;
			};
			name = Release;
		};
/* End XCBuildConfiguration section */

/* Begin XCConfigurationList section */
		1E4084AA2BB27CE000AECC94 /* Build configuration list for PBXProject "CodeStockApp" */ = {
			isa = XCConfigurationList;
			buildConfigurations = (
				1E4084D72BB27CE100AECC94 /* Debug */,
				1E4084D82BB27CE100AECC94 /* Release */,
			);
			defaultConfigurationIsVisible = 0;
			defaultConfigurationName = Release;
		};
		1E4084D92BB27CE100AECC94 /* Build configuration list for PBXNativeTarget "CodeStockApp" */ = {
			isa = XCConfigurationList;
			buildConfigurations = (
				1E4084DA2BB27CE100AECC94 /* Debug */,
				1E4084DB2BB27CE100AECC94 /* Release */,
			);
			defaultConfigurationIsVisible = 0;
			defaultConfigurationName = Release;
		};
		1E4084DC2BB27CE100AECC94 /* Build configuration list for PBXNativeTarget "CodeStockAppTests" */ = {
			isa = XCConfigurationList;
			buildConfigurations = (
				1E4084DD2BB27CE100AECC94 /* Debug */,
				1E4084DE2BB27CE100AECC94 /* Release */,
			);
			defaultConfigurationIsVisible = 0;
			defaultConfigurationName = Release;
		};
		1E4084DF2BB27CE100AECC94 /* Build configuration list for PBXNativeTarget "CodeStockAppUITests" */ = {
			isa = XCConfigurationList;
			buildConfigurations = (
				1E4084E02BB27CE100AECC94 /* Debug */,
				1E4084E12BB27CE100AECC94 /* Release */,
			);
			defaultConfigurationIsVisible = 0;
			defaultConfigurationName = Release;
		};
/* End XCConfigurationList section */
	};
	rootObject = 1E4084A72BB27CE000AECC94 /* Project object */;
}
